PODS:
  - Q-ios (HEAD based on 0.0.1)
  - semo-core-ios (HEAD based on 0.0.4):
    - semo-core-ios/noarc (= HEAD based on 0.0.4)
  - semo-core-ios/noarc (HEAD based on 0.0.4)

DEPENDENCIES:
  - Q-ios (HEAD)
  - semo-core-ios (HEAD)

SPEC CHECKSUMS:
  Q-ios: eb8a69c9eac56f82279b6db6ea728668f6a31993
  semo-core-ios: 594fe2d1feff9baf98a3c8a98cc0583ec077a539

COCOAPODS: 0.39.0
