// !$*UTF8*$!
{
	archiveVersion = 1;
	classes = {
	};
	objectVersion = 46;
	objects = {

/* Begin PBXBuildFile section */
		074C3DCA1C945F79009BBEEF /* IFWPLicenceBehaviour.m in Sources */ = {isa = PBXBuildFile; fileRef = 074C3DC91C945F79009BBEEF /* IFWPLicenceBehaviour.m */; };
		074CFB2F1C8873AE0025F5A9 /* IFCommandScheduler.m in Sources */ = {isa = PBXBuildFile; fileRef = 074CFAED1C8873AE0025F5A9 /* IFCommandScheduler.m */; };
		074CFB301C8873AE0025F5A9 /* IFMvFileCommand.m in Sources */ = {isa = PBXBuildFile; fileRef = 074CFAEF1C8873AE0025F5A9 /* IFMvFileCommand.m */; };
		074CFB311C8873AE0025F5A9 /* IFProtocol.m in Sources */ = {isa = PBXBuildFile; fileRef = 074CFAF11C8873AE0025F5A9 /* IFProtocol.m */; };
		074CFB321C8873AE0025F5A9 /* IFRmFileCommand.m in Sources */ = {isa = PBXBuildFile; fileRef = 074CFAF31C8873AE0025F5A9 /* IFRmFileCommand.m */; };
		074CFB331C8873AE0025F5A9 /* IFUnzipCommand.m in Sources */ = {isa = PBXBuildFile; fileRef = 074CFAF51C8873AE0025F5A9 /* IFUnzipCommand.m */; };
		074CFB341C8873AE0025F5A9 /* IFGetURLCommand.m in Sources */ = {isa = PBXBuildFile; fileRef = 074CFAF91C8873AE0025F5A9 /* IFGetURLCommand.m */; };
		074CFB351C8873AE0025F5A9 /* IFHTTPClient.m in Sources */ = {isa = PBXBuildFile; fileRef = 074CFAFB1C8873AE0025F5A9 /* IFHTTPClient.m */; };
		074CFB361C8873AE0025F5A9 /* IFWPAuthManager.m in Sources */ = {isa = PBXBuildFile; fileRef = 074CFAFE1C8873AE0025F5A9 /* IFWPAuthManager.m */; };
		074CFB371C8873AE0025F5A9 /* IFWPChildPostRendering.m in Sources */ = {isa = PBXBuildFile; fileRef = 074CFB001C8873AE0025F5A9 /* IFWPChildPostRendering.m */; };
		074CFB381C8873AE0025F5A9 /* IFWPClientTemplateContext.m in Sources */ = {isa = PBXBuildFile; fileRef = 074CFB021C8873AE0025F5A9 /* IFWPClientTemplateContext.m */; };
		074CFB391C8873AE0025F5A9 /* IFWPContentContainer.m in Sources */ = {isa = PBXBuildFile; fileRef = 074CFB041C8873AE0025F5A9 /* IFWPContentContainer.m */; };
		074CFB3A1C8873AE0025F5A9 /* IFWPContentContainerFormFactory.m in Sources */ = {isa = PBXBuildFile; fileRef = 074CFB061C8873AE0025F5A9 /* IFWPContentContainerFormFactory.m */; };
		074CFB3B1C8873AE0025F5A9 /* IFWPContentProtocol.m in Sources */ = {isa = PBXBuildFile; fileRef = 074CFB081C8873AE0025F5A9 /* IFWPContentProtocol.m */; };
		074CFB3C1C8873AE0025F5A9 /* IFWPDataTableFormatter.m in Sources */ = {isa = PBXBuildFile; fileRef = 074CFB0A1C8873AE0025F5A9 /* IFWPDataTableFormatter.m */; };
		074CFB3D1C8873AE0025F5A9 /* IFWPDataWebviewFormatter.m in Sources */ = {isa = PBXBuildFile; fileRef = 074CFB0C1C8873AE0025F5A9 /* IFWPDataWebviewFormatter.m */; };
		074CFB3E1C8873AE0025F5A9 /* IFWPSchemeHandler.m in Sources */ = {isa = PBXBuildFile; fileRef = 074CFB0E1C8873AE0025F5A9 /* IFWPSchemeHandler.m */; };
		074CFB3F1C8873AE0025F5A9 /* IFContentTableViewController.m in Sources */ = {isa = PBXBuildFile; fileRef = 074CFB121C8873AE0025F5A9 /* IFContentTableViewController.m */; };
		074CFB401C8873AE0025F5A9 /* IFDB.m in Sources */ = {isa = PBXBuildFile; fileRef = 074CFB151C8873AE0025F5A9 /* IFDB.m */; };
		074CFB411C8873AE0025F5A9 /* IFDBFilter.m in Sources */ = {isa = PBXBuildFile; fileRef = 074CFB171C8873AE0025F5A9 /* IFDBFilter.m */; };
		074CFB421C8873AE0025F5A9 /* IFDBHelper.m in Sources */ = {isa = PBXBuildFile; fileRef = 074CFB191C8873AE0025F5A9 /* IFDBHelper.m */; };
		074CFB431C8873AE0025F5A9 /* IFFormField.m in Sources */ = {isa = PBXBuildFile; fileRef = 074CFB1C1C8873AE0025F5A9 /* IFFormField.m */; };
		074CFB441C8873AE0025F5A9 /* IFFormHiddenField.m in Sources */ = {isa = PBXBuildFile; fileRef = 074CFB1E1C8873AE0025F5A9 /* IFFormHiddenField.m */; };
		074CFB451C8873AE0025F5A9 /* IFFormImageField.m in Sources */ = {isa = PBXBuildFile; fileRef = 074CFB201C8873AE0025F5A9 /* IFFormImageField.m */; };
		074CFB461C8873AE0025F5A9 /* IFFormOptionField.m in Sources */ = {isa = PBXBuildFile; fileRef = 074CFB221C8873AE0025F5A9 /* IFFormOptionField.m */; };
		074CFB471C8873AE0025F5A9 /* IFFormSelectField.m in Sources */ = {isa = PBXBuildFile; fileRef = 074CFB241C8873AE0025F5A9 /* IFFormSelectField.m */; };
		074CFB481C8873AE0025F5A9 /* IFFormTextField.m in Sources */ = {isa = PBXBuildFile; fileRef = 074CFB261C8873AE0025F5A9 /* IFFormTextField.m */; };
		074CFB491C8873AE0025F5A9 /* IFFormView.m in Sources */ = {isa = PBXBuildFile; fileRef = 074CFB281C8873AE0025F5A9 /* IFFormView.m */; };
		074CFB4A1C8873AE0025F5A9 /* IFFormViewController.m in Sources */ = {isa = PBXBuildFile; fileRef = 074CFB2A1C8873AE0025F5A9 /* IFFormViewController.m */; };
		074CFB4B1C8873AE0025F5A9 /* IFSubmitField.m in Sources */ = {isa = PBXBuildFile; fileRef = 074CFB2C1C8873AE0025F5A9 /* IFSubmitField.m */; };
		074CFBDC1C8873D30025F5A9 /* GRMustacheExpression.m in Sources */ = {isa = PBXBuildFile; fileRef = 074CFB521C8873D30025F5A9 /* GRMustacheExpression.m */; settings = {COMPILER_FLAGS = "-fno-objc-arc"; }; };
		074CFBDD1C8873D30025F5A9 /* GRMustacheFilteredExpression.m in Sources */ = {isa = PBXBuildFile; fileRef = 074CFB551C8873D30025F5A9 /* GRMustacheFilteredExpression.m */; settings = {COMPILER_FLAGS = "-fno-objc-arc"; }; };
		074CFBDE1C8873D30025F5A9 /* GRMustacheIdentifierExpression.m in Sources */ = {isa = PBXBuildFile; fileRef = 074CFB571C8873D30025F5A9 /* GRMustacheIdentifierExpression.m */; settings = {COMPILER_FLAGS = "-fno-objc-arc"; }; };
		074CFBDF1C8873D30025F5A9 /* GRMustacheImplicitIteratorExpression.m in Sources */ = {isa = PBXBuildFile; fileRef = 074CFB591C8873D30025F5A9 /* GRMustacheImplicitIteratorExpression.m */; settings = {COMPILER_FLAGS = "-fno-objc-arc"; }; };
		074CFBE01C8873D30025F5A9 /* GRMustacheScopedExpression.m in Sources */ = {isa = PBXBuildFile; fileRef = 074CFB5B1C8873D30025F5A9 /* GRMustacheScopedExpression.m */; settings = {COMPILER_FLAGS = "-fno-objc-arc"; }; };
		074CFBE11C8873D30025F5A9 /* GRMustacheCompiler.m in Sources */ = {isa = PBXBuildFile; fileRef = 074CFB5D1C8873D30025F5A9 /* GRMustacheCompiler.m */; settings = {COMPILER_FLAGS = "-fno-objc-arc"; }; };
		074CFBE21C8873D30025F5A9 /* GRMustacheInheritablePartialNode.m in Sources */ = {isa = PBXBuildFile; fileRef = 074CFB601C8873D30025F5A9 /* GRMustacheInheritablePartialNode.m */; settings = {COMPILER_FLAGS = "-fno-objc-arc"; }; };
		074CFBE31C8873D30025F5A9 /* GRMustacheInheritableSectionNode.m in Sources */ = {isa = PBXBuildFile; fileRef = 074CFB621C8873D30025F5A9 /* GRMustacheInheritableSectionNode.m */; settings = {COMPILER_FLAGS = "-fno-objc-arc"; }; };
		074CFBE41C8873D30025F5A9 /* GRMustachePartialNode.m in Sources */ = {isa = PBXBuildFile; fileRef = 074CFB641C8873D30025F5A9 /* GRMustachePartialNode.m */; settings = {COMPILER_FLAGS = "-fno-objc-arc"; }; };
		074CFBE51C8873D30025F5A9 /* GRMustacheSectionTag.m in Sources */ = {isa = PBXBuildFile; fileRef = 074CFB661C8873D30025F5A9 /* GRMustacheSectionTag.m */; settings = {COMPILER_FLAGS = "-fno-objc-arc"; }; };
		074CFBE61C8873D30025F5A9 /* GRMustacheTag.m in Sources */ = {isa = PBXBuildFile; fileRef = 074CFB691C8873D30025F5A9 /* GRMustacheTag.m */; settings = {COMPILER_FLAGS = "-fno-objc-arc"; }; };
		074CFBE71C8873D30025F5A9 /* GRMustacheTemplateAST.m in Sources */ = {isa = PBXBuildFile; fileRef = 074CFB6B1C8873D30025F5A9 /* GRMustacheTemplateAST.m */; settings = {COMPILER_FLAGS = "-fno-objc-arc"; }; };
		074CFBE81C8873D30025F5A9 /* GRMustacheTextNode.m in Sources */ = {isa = PBXBuildFile; fileRef = 074CFB6F1C8873D30025F5A9 /* GRMustacheTextNode.m */; settings = {COMPILER_FLAGS = "-fno-objc-arc"; }; };
		074CFBE91C8873D30025F5A9 /* GRMustacheVariableTag.m in Sources */ = {isa = PBXBuildFile; fileRef = 074CFB711C8873D30025F5A9 /* GRMustacheVariableTag.m */; settings = {COMPILER_FLAGS = "-fno-objc-arc"; }; };
		074CFBEA1C8873D30025F5A9 /* GRMustacheConfiguration.m in Sources */ = {isa = PBXBuildFile; fileRef = 074CFB751C8873D30025F5A9 /* GRMustacheConfiguration.m */; settings = {COMPILER_FLAGS = "-fno-objc-arc"; }; };
		074CFBEB1C8873D30025F5A9 /* GRMustache.m in Sources */ = {isa = PBXBuildFile; fileRef = 074CFB781C8873D30025F5A9 /* GRMustache.m */; settings = {COMPILER_FLAGS = "-fno-objc-arc"; }; };
		074CFBEC1C8873D30025F5A9 /* GRMustacheExpressionParser.m in Sources */ = {isa = PBXBuildFile; fileRef = 074CFB7C1C8873D30025F5A9 /* GRMustacheExpressionParser.m */; settings = {COMPILER_FLAGS = "-fno-objc-arc"; }; };
		074CFBED1C8873D30025F5A9 /* GRMustacheTemplateParser.m in Sources */ = {isa = PBXBuildFile; fileRef = 074CFB7E1C8873D30025F5A9 /* GRMustacheTemplateParser.m */; settings = {COMPILER_FLAGS = "-fno-objc-arc"; }; };
		074CFBEE1C8873D30025F5A9 /* GRMustacheToken.m in Sources */ = {isa = PBXBuildFile; fileRef = 074CFB801C8873D30025F5A9 /* GRMustacheToken.m */; settings = {COMPILER_FLAGS = "-fno-objc-arc"; }; };
		074CFBEF1C8873D30025F5A9 /* GRMustacheContext.m in Sources */ = {isa = PBXBuildFile; fileRef = 074CFB841C8873D30025F5A9 /* GRMustacheContext.m */; settings = {COMPILER_FLAGS = "-fno-objc-arc"; }; };
		074CFBF01C8873D30025F5A9 /* GRMustacheExpressionInvocation.m in Sources */ = {isa = PBXBuildFile; fileRef = 074CFB861C8873D30025F5A9 /* GRMustacheExpressionInvocation.m */; settings = {COMPILER_FLAGS = "-fno-objc-arc"; }; };
		074CFBF11C8873D30025F5A9 /* GRMustacheFilter.m in Sources */ = {isa = PBXBuildFile; fileRef = 074CFB891C8873D30025F5A9 /* GRMustacheFilter.m */; settings = {COMPILER_FLAGS = "-fno-objc-arc"; }; };
		074CFBF21C8873D30025F5A9 /* GRMustacheKeyAccess.m in Sources */ = {isa = PBXBuildFile; fileRef = 074CFB8B1C8873D30025F5A9 /* GRMustacheKeyAccess.m */; settings = {COMPILER_FLAGS = "-fno-objc-arc"; }; };
		074CFBF31C8873D30025F5A9 /* GRMustacheRendering.m in Sources */ = {isa = PBXBuildFile; fileRef = 074CFB8E1C8873D30025F5A9 /* GRMustacheRendering.m */; settings = {COMPILER_FLAGS = "-fno-objc-arc"; }; };
		074CFBF41C8873D30025F5A9 /* GRMustacheRenderingEngine.m in Sources */ = {isa = PBXBuildFile; fileRef = 074CFB901C8873D30025F5A9 /* GRMustacheRenderingEngine.m */; settings = {COMPILER_FLAGS = "-fno-objc-arc"; }; };
		074CFBF51C8873D30025F5A9 /* GRMustacheExpressionGenerator.m in Sources */ = {isa = PBXBuildFile; fileRef = 074CFB951C8873D30025F5A9 /* GRMustacheExpressionGenerator.m */; settings = {COMPILER_FLAGS = "-fno-objc-arc"; }; };
		074CFBF61C8873D30025F5A9 /* GRMustacheTemplateGenerator.m in Sources */ = {isa = PBXBuildFile; fileRef = 074CFB971C8873D30025F5A9 /* GRMustacheTemplateGenerator.m */; settings = {COMPILER_FLAGS = "-fno-objc-arc"; }; };
		074CFBF71C8873D30025F5A9 /* NSFormatter+GRMustache.m in Sources */ = {isa = PBXBuildFile; fileRef = 074CFB9A1C8873D30025F5A9 /* NSFormatter+GRMustache.m */; settings = {COMPILER_FLAGS = "-fno-objc-arc"; }; };
		074CFBF81C8873D30025F5A9 /* NSValueTransformer+GRMustache.m in Sources */ = {isa = PBXBuildFile; fileRef = 074CFB9C1C8873D30025F5A9 /* NSValueTransformer+GRMustache.m */; settings = {COMPILER_FLAGS = "-fno-objc-arc"; }; };
		074CFBF91C8873D30025F5A9 /* GRMustacheEachFilter.m in Sources */ = {isa = PBXBuildFile; fileRef = 074CFB9E1C8873D30025F5A9 /* GRMustacheEachFilter.m */; settings = {COMPILER_FLAGS = "-fno-objc-arc"; }; };
		074CFBFA1C8873D30025F5A9 /* GRMustacheHTMLLibrary.m in Sources */ = {isa = PBXBuildFile; fileRef = 074CFBA01C8873D30025F5A9 /* GRMustacheHTMLLibrary.m */; settings = {COMPILER_FLAGS = "-fno-objc-arc"; }; };
		074CFBFB1C8873D30025F5A9 /* GRMustacheJavascriptLibrary.m in Sources */ = {isa = PBXBuildFile; fileRef = 074CFBA21C8873D30025F5A9 /* GRMustacheJavascriptLibrary.m */; settings = {COMPILER_FLAGS = "-fno-objc-arc"; }; };
		074CFBFC1C8873D30025F5A9 /* GRMustacheLocalizer.m in Sources */ = {isa = PBXBuildFile; fileRef = 074CFBA51C8873D30025F5A9 /* GRMustacheLocalizer.m */; settings = {COMPILER_FLAGS = "-fno-objc-arc"; }; };
		074CFBFD1C8873D30025F5A9 /* GRMustacheStandardLibrary.m in Sources */ = {isa = PBXBuildFile; fileRef = 074CFBA61C8873D30025F5A9 /* GRMustacheStandardLibrary.m */; settings = {COMPILER_FLAGS = "-fno-objc-arc"; }; };
		074CFBFE1C8873D30025F5A9 /* GRMustacheURLLibrary.m in Sources */ = {isa = PBXBuildFile; fileRef = 074CFBA81C8873D30025F5A9 /* GRMustacheURLLibrary.m */; settings = {COMPILER_FLAGS = "-fno-objc-arc"; }; };
		074CFBFF1C8873D30025F5A9 /* GRMustacheError.m in Sources */ = {isa = PBXBuildFile; fileRef = 074CFBB01C8873D30025F5A9 /* GRMustacheError.m */; settings = {COMPILER_FLAGS = "-fno-objc-arc"; }; };
		074CFC001C8873D30025F5A9 /* GRMustacheTranslateCharacters.m in Sources */ = {isa = PBXBuildFile; fileRef = 074CFBB11C8873D30025F5A9 /* GRMustacheTranslateCharacters.m */; settings = {COMPILER_FLAGS = "-fno-objc-arc"; }; };
		074CFC011C8873D30025F5A9 /* GRMustacheTemplate.m in Sources */ = {isa = PBXBuildFile; fileRef = 074CFBB51C8873D30025F5A9 /* GRMustacheTemplate.m */; settings = {COMPILER_FLAGS = "-fno-objc-arc"; }; };
		074CFC021C8873D30025F5A9 /* GRMustacheTemplateRepository.m in Sources */ = {isa = PBXBuildFile; fileRef = 074CFBB81C8873D30025F5A9 /* GRMustacheTemplateRepository.m */; settings = {COMPILER_FLAGS = "-fno-objc-arc"; }; };
		074CFC031C8873D30025F5A9 /* JRSwizzle.m in Sources */ = {isa = PBXBuildFile; fileRef = 074CFBBE1C8873D30025F5A9 /* JRSwizzle.m */; settings = {COMPILER_FLAGS = "-fno-objc-arc"; }; };
		074CFC041C8873D30025F5A9 /* PlausibleDatabase.m in Sources */ = {isa = PBXBuildFile; fileRef = 074CFBC21C8873D30025F5A9 /* PlausibleDatabase.m */; settings = {COMPILER_FLAGS = "-fno-objc-arc"; }; };
		074CFC051C8873D30025F5A9 /* PLDatabaseMigrationManager.m in Sources */ = {isa = PBXBuildFile; fileRef = 074CFBC71C8873D30025F5A9 /* PLDatabaseMigrationManager.m */; settings = {COMPILER_FLAGS = "-fno-objc-arc"; }; };
		074CFC061C8873D30025F5A9 /* PLSqliteConnectionProvider.m in Sources */ = {isa = PBXBuildFile; fileRef = 074CFBCD1C8873D30025F5A9 /* PLSqliteConnectionProvider.m */; settings = {COMPILER_FLAGS = "-fno-objc-arc"; }; };
		074CFC071C8873D30025F5A9 /* PLSqliteDatabase.m in Sources */ = {isa = PBXBuildFile; fileRef = 074CFBCF1C8873D30025F5A9 /* PLSqliteDatabase.m */; settings = {COMPILER_FLAGS = "-fno-objc-arc"; }; };
		074CFC081C8873D30025F5A9 /* PLSqliteMigrationVersionManager.m in Sources */ = {isa = PBXBuildFile; fileRef = 074CFBD11C8873D30025F5A9 /* PLSqliteMigrationVersionManager.m */; settings = {COMPILER_FLAGS = "-fno-objc-arc"; }; };
		074CFC091C8873D30025F5A9 /* PLSqlitePreparedStatement.m in Sources */ = {isa = PBXBuildFile; fileRef = 074CFBD31C8873D30025F5A9 /* PLSqlitePreparedStatement.m */; settings = {COMPILER_FLAGS = "-fno-objc-arc"; }; };
		074CFC0A1C8873D30025F5A9 /* PLSqliteResultSet.m in Sources */ = {isa = PBXBuildFile; fileRef = 074CFBD51C8873D30025F5A9 /* PLSqliteResultSet.m */; settings = {COMPILER_FLAGS = "-fno-objc-arc"; }; };
		074CFC0B1C8873D30025F5A9 /* SSKeychain.m in Sources */ = {isa = PBXBuildFile; fileRef = 074CFBD91C8873D30025F5A9 /* SSKeychain.m */; };
		074CFC0C1C8873D30025F5A9 /* SSKeychainQuery.m in Sources */ = {isa = PBXBuildFile; fileRef = 074CFBDB1C8873D30025F5A9 /* SSKeychainQuery.m */; };
		074CFC1D1C8875D90025F5A9 /* Foundation.framework in Frameworks */ = {isa = PBXBuildFile; fileRef = 074CFC1C1C8875D90025F5A9 /* Foundation.framework */; };
		074CFC1F1C8875DF0025F5A9 /* UIKit.framework in Frameworks */ = {isa = PBXBuildFile; fileRef = 074CFC1E1C8875DF0025F5A9 /* UIKit.framework */; };
/* End PBXBuildFile section */

/* Begin PBXContainerItemProxy section */
		0777BB341C88B94F008440BB /* PBXContainerItemProxy */ = {
			isa = PBXContainerItemProxy;
			containerPortal = 0777BB2F1C88B94F008440BB /* Q.xcodeproj */;
			proxyType = 2;
			remoteGlobalIDString = 07AE779B1BBB329E00E3DB50;
			remoteInfo = Q;
		};
		0777BB361C88B94F008440BB /* PBXContainerItemProxy */ = {
			isa = PBXContainerItemProxy;
			containerPortal = 0777BB2F1C88B94F008440BB /* Q.xcodeproj */;
			proxyType = 2;
			remoteGlobalIDString = 07AE77A61BBB329E00E3DB50;
			remoteInfo = QTests;
		};
		0777BB3C1C88B958008440BB /* PBXContainerItemProxy */ = {
			isa = PBXContainerItemProxy;
			containerPortal = 0777BB381C88B958008440BB /* SemoCore.xcodeproj */;
			proxyType = 2;
			remoteGlobalIDString = 07BD8A201C7651930058D7A8;
			remoteInfo = SemoCore;
		};
/* End PBXContainerItemProxy section */

/* Begin PBXCopyFilesBuildPhase section */
		07071AED1C88734000DAF32D /* CopyFiles */ = {
			isa = PBXCopyFilesBuildPhase;
			buildActionMask = 2147483647;
			dstPath = "include/$(PRODUCT_NAME)";
			dstSubfolderSpec = 16;
			files = (
			);
			runOnlyForDeploymentPostprocessing = 0;
		};
/* End PBXCopyFilesBuildPhase section */

/* Begin PBXFileReference section */
		07071AEF1C88734000DAF32D /* libSemoContent.a */ = {isa = PBXFileReference; explicitFileType = archive.ar; includeInIndex = 0; path = libSemoContent.a; sourceTree = BUILT_PRODUCTS_DIR; };
		074C3DC81C945F79009BBEEF /* IFWPLicenceBehaviour.h */ = {isa = PBXFileReference; fileEncoding = 4; lastKnownFileType = sourcecode.c.h; name = IFWPLicenceBehaviour.h; path = SemoContent/com_innerfunction_semo_content_ui/IFWPLicenceBehaviour.h; sourceTree = SOURCE_ROOT; };
		074C3DC91C945F79009BBEEF /* IFWPLicenceBehaviour.m */ = {isa = PBXFileReference; fileEncoding = 4; lastKnownFileType = sourcecode.c.objc; name = IFWPLicenceBehaviour.m; path = SemoContent/com_innerfunction_semo_content_ui/IFWPLicenceBehaviour.m; sourceTree = SOURCE_ROOT; };
		074CFAEB1C8873AE0025F5A9 /* IFCommand.h */ = {isa = PBXFileReference; fileEncoding = 4; lastKnownFileType = sourcecode.c.h; path = IFCommand.h; sourceTree = "<group>"; };
		074CFAEC1C8873AE0025F5A9 /* IFCommandScheduler.h */ = {isa = PBXFileReference; fileEncoding = 4; lastKnownFileType = sourcecode.c.h; path = IFCommandScheduler.h; sourceTree = "<group>"; };
		074CFAED1C8873AE0025F5A9 /* IFCommandScheduler.m */ = {isa = PBXFileReference; fileEncoding = 4; lastKnownFileType = sourcecode.c.objc; path = IFCommandScheduler.m; sourceTree = "<group>"; };
		074CFAEE1C8873AE0025F5A9 /* IFMvFileCommand.h */ = {isa = PBXFileReference; fileEncoding = 4; lastKnownFileType = sourcecode.c.h; path = IFMvFileCommand.h; sourceTree = "<group>"; };
		074CFAEF1C8873AE0025F5A9 /* IFMvFileCommand.m */ = {isa = PBXFileReference; fileEncoding = 4; lastKnownFileType = sourcecode.c.objc; path = IFMvFileCommand.m; sourceTree = "<group>"; };
		074CFAF01C8873AE0025F5A9 /* IFProtocol.h */ = {isa = PBXFileReference; fileEncoding = 4; lastKnownFileType = sourcecode.c.h; path = IFProtocol.h; sourceTree = "<group>"; };
		074CFAF11C8873AE0025F5A9 /* IFProtocol.m */ = {isa = PBXFileReference; fileEncoding = 4; lastKnownFileType = sourcecode.c.objc; path = IFProtocol.m; sourceTree = "<group>"; };
		074CFAF21C8873AE0025F5A9 /* IFRmFileCommand.h */ = {isa = PBXFileReference; fileEncoding = 4; lastKnownFileType = sourcecode.c.h; path = IFRmFileCommand.h; sourceTree = "<group>"; };
		074CFAF31C8873AE0025F5A9 /* IFRmFileCommand.m */ = {isa = PBXFileReference; fileEncoding = 4; lastKnownFileType = sourcecode.c.objc; path = IFRmFileCommand.m; sourceTree = "<group>"; };
		074CFAF41C8873AE0025F5A9 /* IFUnzipCommand.h */ = {isa = PBXFileReference; fileEncoding = 4; lastKnownFileType = sourcecode.c.h; path = IFUnzipCommand.h; sourceTree = "<group>"; };
		074CFAF51C8873AE0025F5A9 /* IFUnzipCommand.m */ = {isa = PBXFileReference; fileEncoding = 4; lastKnownFileType = sourcecode.c.objc; path = IFUnzipCommand.m; sourceTree = "<group>"; };
		074CFAF71C8873AE0025F5A9 /* IFDataFormatter.h */ = {isa = PBXFileReference; fileEncoding = 4; lastKnownFileType = sourcecode.c.h; path = IFDataFormatter.h; sourceTree = "<group>"; };
		074CFAF81C8873AE0025F5A9 /* IFGetURLCommand.h */ = {isa = PBXFileReference; fileEncoding = 4; lastKnownFileType = sourcecode.c.h; path = IFGetURLCommand.h; sourceTree = "<group>"; };
		074CFAF91C8873AE0025F5A9 /* IFGetURLCommand.m */ = {isa = PBXFileReference; fileEncoding = 4; lastKnownFileType = sourcecode.c.objc; path = IFGetURLCommand.m; sourceTree = "<group>"; };
		074CFAFA1C8873AE0025F5A9 /* IFHTTPClient.h */ = {isa = PBXFileReference; fileEncoding = 4; lastKnownFileType = sourcecode.c.h; path = IFHTTPClient.h; sourceTree = "<group>"; };
		074CFAFB1C8873AE0025F5A9 /* IFHTTPClient.m */ = {isa = PBXFileReference; fileEncoding = 4; lastKnownFileType = sourcecode.c.objc; path = IFHTTPClient.m; sourceTree = "<group>"; };
		074CFAFC1C8873AE0025F5A9 /* IFSemoContent.h */ = {isa = PBXFileReference; fileEncoding = 4; lastKnownFileType = sourcecode.c.h; path = IFSemoContent.h; sourceTree = "<group>"; };
		074CFAFD1C8873AE0025F5A9 /* IFWPAuthManager.h */ = {isa = PBXFileReference; fileEncoding = 4; lastKnownFileType = sourcecode.c.h; path = IFWPAuthManager.h; sourceTree = "<group>"; };
		074CFAFE1C8873AE0025F5A9 /* IFWPAuthManager.m */ = {isa = PBXFileReference; fileEncoding = 4; lastKnownFileType = sourcecode.c.objc; path = IFWPAuthManager.m; sourceTree = "<group>"; };
		074CFAFF1C8873AE0025F5A9 /* IFWPChildPostRendering.h */ = {isa = PBXFileReference; fileEncoding = 4; lastKnownFileType = sourcecode.c.h; path = IFWPChildPostRendering.h; sourceTree = "<group>"; };
		074CFB001C8873AE0025F5A9 /* IFWPChildPostRendering.m */ = {isa = PBXFileReference; fileEncoding = 4; lastKnownFileType = sourcecode.c.objc; path = IFWPChildPostRendering.m; sourceTree = "<group>"; };
		074CFB011C8873AE0025F5A9 /* IFWPClientTemplateContext.h */ = {isa = PBXFileReference; fileEncoding = 4; lastKnownFileType = sourcecode.c.h; path = IFWPClientTemplateContext.h; sourceTree = "<group>"; };
		074CFB021C8873AE0025F5A9 /* IFWPClientTemplateContext.m */ = {isa = PBXFileReference; fileEncoding = 4; lastKnownFileType = sourcecode.c.objc; path = IFWPClientTemplateContext.m; sourceTree = "<group>"; };
		074CFB031C8873AE0025F5A9 /* IFWPContentContainer.h */ = {isa = PBXFileReference; fileEncoding = 4; lastKnownFileType = sourcecode.c.h; path = IFWPContentContainer.h; sourceTree = "<group>"; };
		074CFB041C8873AE0025F5A9 /* IFWPContentContainer.m */ = {isa = PBXFileReference; fileEncoding = 4; lastKnownFileType = sourcecode.c.objc; path = IFWPContentContainer.m; sourceTree = "<group>"; };
		074CFB051C8873AE0025F5A9 /* IFWPContentContainerFormFactory.h */ = {isa = PBXFileReference; fileEncoding = 4; lastKnownFileType = sourcecode.c.h; path = IFWPContentContainerFormFactory.h; sourceTree = "<group>"; };
		074CFB061C8873AE0025F5A9 /* IFWPContentContainerFormFactory.m */ = {isa = PBXFileReference; fileEncoding = 4; lastKnownFileType = sourcecode.c.objc; path = IFWPContentContainerFormFactory.m; sourceTree = "<group>"; };
		074CFB071C8873AE0025F5A9 /* IFWPContentProtocol.h */ = {isa = PBXFileReference; fileEncoding = 4; lastKnownFileType = sourcecode.c.h; path = IFWPContentProtocol.h; sourceTree = "<group>"; };
		074CFB081C8873AE0025F5A9 /* IFWPContentProtocol.m */ = {isa = PBXFileReference; fileEncoding = 4; lastKnownFileType = sourcecode.c.objc; path = IFWPContentProtocol.m; sourceTree = "<group>"; };
		074CFB091C8873AE0025F5A9 /* IFWPDataTableFormatter.h */ = {isa = PBXFileReference; fileEncoding = 4; lastKnownFileType = sourcecode.c.h; path = IFWPDataTableFormatter.h; sourceTree = "<group>"; };
		074CFB0A1C8873AE0025F5A9 /* IFWPDataTableFormatter.m */ = {isa = PBXFileReference; fileEncoding = 4; lastKnownFileType = sourcecode.c.objc; path = IFWPDataTableFormatter.m; sourceTree = "<group>"; };
		074CFB0B1C8873AE0025F5A9 /* IFWPDataWebviewFormatter.h */ = {isa = PBXFileReference; fileEncoding = 4; lastKnownFileType = sourcecode.c.h; path = IFWPDataWebviewFormatter.h; sourceTree = "<group>"; };
		074CFB0C1C8873AE0025F5A9 /* IFWPDataWebviewFormatter.m */ = {isa = PBXFileReference; fileEncoding = 4; lastKnownFileType = sourcecode.c.objc; path = IFWPDataWebviewFormatter.m; sourceTree = "<group>"; };
		074CFB0D1C8873AE0025F5A9 /* IFWPSchemeHandler.h */ = {isa = PBXFileReference; fileEncoding = 4; lastKnownFileType = sourcecode.c.h; path = IFWPSchemeHandler.h; sourceTree = "<group>"; };
		074CFB0E1C8873AE0025F5A9 /* IFWPSchemeHandler.m */ = {isa = PBXFileReference; fileEncoding = 4; lastKnownFileType = sourcecode.c.objc; path = IFWPSchemeHandler.m; sourceTree = "<group>"; };
		074CFB0F1C8873AE0025F5A9 /* SemoContent.h */ = {isa = PBXFileReference; fileEncoding = 4; lastKnownFileType = sourcecode.c.h; path = SemoContent.h; sourceTree = "<group>"; };
		074CFB111C8873AE0025F5A9 /* IFContentTableViewController.h */ = {isa = PBXFileReference; fileEncoding = 4; lastKnownFileType = sourcecode.c.h; path = IFContentTableViewController.h; sourceTree = "<group>"; };
		074CFB121C8873AE0025F5A9 /* IFContentTableViewController.m */ = {isa = PBXFileReference; fileEncoding = 4; lastKnownFileType = sourcecode.c.objc; path = IFContentTableViewController.m; sourceTree = "<group>"; };
		074CFB141C8873AE0025F5A9 /* IFDB.h */ = {isa = PBXFileReference; fileEncoding = 4; lastKnownFileType = sourcecode.c.h; path = IFDB.h; sourceTree = "<group>"; };
		074CFB151C8873AE0025F5A9 /* IFDB.m */ = {isa = PBXFileReference; fileEncoding = 4; lastKnownFileType = sourcecode.c.objc; path = IFDB.m; sourceTree = "<group>"; };
		074CFB161C8873AE0025F5A9 /* IFDBFilter.h */ = {isa = PBXFileReference; fileEncoding = 4; lastKnownFileType = sourcecode.c.h; path = IFDBFilter.h; sourceTree = "<group>"; };
		074CFB171C8873AE0025F5A9 /* IFDBFilter.m */ = {isa = PBXFileReference; fileEncoding = 4; lastKnownFileType = sourcecode.c.objc; path = IFDBFilter.m; sourceTree = "<group>"; };
		074CFB181C8873AE0025F5A9 /* IFDBHelper.h */ = {isa = PBXFileReference; fileEncoding = 4; lastKnownFileType = sourcecode.c.h; path = IFDBHelper.h; sourceTree = "<group>"; };
		074CFB191C8873AE0025F5A9 /* IFDBHelper.m */ = {isa = PBXFileReference; fileEncoding = 4; lastKnownFileType = sourcecode.c.objc; path = IFDBHelper.m; sourceTree = "<group>"; };
		074CFB1B1C8873AE0025F5A9 /* IFFormField.h */ = {isa = PBXFileReference; fileEncoding = 4; lastKnownFileType = sourcecode.c.h; path = IFFormField.h; sourceTree = "<group>"; };
		074CFB1C1C8873AE0025F5A9 /* IFFormField.m */ = {isa = PBXFileReference; fileEncoding = 4; lastKnownFileType = sourcecode.c.objc; path = IFFormField.m; sourceTree = "<group>"; };
		074CFB1D1C8873AE0025F5A9 /* IFFormHiddenField.h */ = {isa = PBXFileReference; fileEncoding = 4; lastKnownFileType = sourcecode.c.h; path = IFFormHiddenField.h; sourceTree = "<group>"; };
		074CFB1E1C8873AE0025F5A9 /* IFFormHiddenField.m */ = {isa = PBXFileReference; fileEncoding = 4; lastKnownFileType = sourcecode.c.objc; path = IFFormHiddenField.m; sourceTree = "<group>"; };
		074CFB1F1C8873AE0025F5A9 /* IFFormImageField.h */ = {isa = PBXFileReference; fileEncoding = 4; lastKnownFileType = sourcecode.c.h; path = IFFormImageField.h; sourceTree = "<group>"; };
		074CFB201C8873AE0025F5A9 /* IFFormImageField.m */ = {isa = PBXFileReference; fileEncoding = 4; lastKnownFileType = sourcecode.c.objc; path = IFFormImageField.m; sourceTree = "<group>"; };
		074CFB211C8873AE0025F5A9 /* IFFormOptionField.h */ = {isa = PBXFileReference; fileEncoding = 4; lastKnownFileType = sourcecode.c.h; path = IFFormOptionField.h; sourceTree = "<group>"; };
		074CFB221C8873AE0025F5A9 /* IFFormOptionField.m */ = {isa = PBXFileReference; fileEncoding = 4; lastKnownFileType = sourcecode.c.objc; path = IFFormOptionField.m; sourceTree = "<group>"; };
		074CFB231C8873AE0025F5A9 /* IFFormSelectField.h */ = {isa = PBXFileReference; fileEncoding = 4; lastKnownFileType = sourcecode.c.h; path = IFFormSelectField.h; sourceTree = "<group>"; };
		074CFB241C8873AE0025F5A9 /* IFFormSelectField.m */ = {isa = PBXFileReference; fileEncoding = 4; lastKnownFileType = sourcecode.c.objc; path = IFFormSelectField.m; sourceTree = "<group>"; };
		074CFB251C8873AE0025F5A9 /* IFFormTextField.h */ = {isa = PBXFileReference; fileEncoding = 4; lastKnownFileType = sourcecode.c.h; path = IFFormTextField.h; sourceTree = "<group>"; };
		074CFB261C8873AE0025F5A9 /* IFFormTextField.m */ = {isa = PBXFileReference; fileEncoding = 4; lastKnownFileType = sourcecode.c.objc; path = IFFormTextField.m; sourceTree = "<group>"; };
		074CFB271C8873AE0025F5A9 /* IFFormView.h */ = {isa = PBXFileReference; fileEncoding = 4; lastKnownFileType = sourcecode.c.h; path = IFFormView.h; sourceTree = "<group>"; };
		074CFB281C8873AE0025F5A9 /* IFFormView.m */ = {isa = PBXFileReference; fileEncoding = 4; lastKnownFileType = sourcecode.c.objc; path = IFFormView.m; sourceTree = "<group>"; };
		074CFB291C8873AE0025F5A9 /* IFFormViewController.h */ = {isa = PBXFileReference; fileEncoding = 4; lastKnownFileType = sourcecode.c.h; path = IFFormViewController.h; sourceTree = "<group>"; };
		074CFB2A1C8873AE0025F5A9 /* IFFormViewController.m */ = {isa = PBXFileReference; fileEncoding = 4; lastKnownFileType = sourcecode.c.objc; path = IFFormViewController.m; sourceTree = "<group>"; };
		074CFB2B1C8873AE0025F5A9 /* IFSubmitField.h */ = {isa = PBXFileReference; fileEncoding = 4; lastKnownFileType = sourcecode.c.h; path = IFSubmitField.h; sourceTree = "<group>"; };
		074CFB2C1C8873AE0025F5A9 /* IFSubmitField.m */ = {isa = PBXFileReference; fileEncoding = 4; lastKnownFileType = sourcecode.c.objc; path = IFSubmitField.m; sourceTree = "<group>"; };
		074CFB521C8873D30025F5A9 /* GRMustacheExpression.m */ = {isa = PBXFileReference; fileEncoding = 4; lastKnownFileType = sourcecode.c.objc; path = GRMustacheExpression.m; sourceTree = "<group>"; };
		074CFB531C8873D30025F5A9 /* GRMustacheExpression_private.h */ = {isa = PBXFileReference; fileEncoding = 4; lastKnownFileType = sourcecode.c.h; path = GRMustacheExpression_private.h; sourceTree = "<group>"; };
		074CFB541C8873D30025F5A9 /* GRMustacheExpressionVisitor_private.h */ = {isa = PBXFileReference; fileEncoding = 4; lastKnownFileType = sourcecode.c.h; path = GRMustacheExpressionVisitor_private.h; sourceTree = "<group>"; };
		074CFB551C8873D30025F5A9 /* GRMustacheFilteredExpression.m */ = {isa = PBXFileReference; fileEncoding = 4; lastKnownFileType = sourcecode.c.objc; path = GRMustacheFilteredExpression.m; sourceTree = "<group>"; };
		074CFB561C8873D30025F5A9 /* GRMustacheFilteredExpression_private.h */ = {isa = PBXFileReference; fileEncoding = 4; lastKnownFileType = sourcecode.c.h; path = GRMustacheFilteredExpression_private.h; sourceTree = "<group>"; };
		074CFB571C8873D30025F5A9 /* GRMustacheIdentifierExpression.m */ = {isa = PBXFileReference; fileEncoding = 4; lastKnownFileType = sourcecode.c.objc; path = GRMustacheIdentifierExpression.m; sourceTree = "<group>"; };
		074CFB581C8873D30025F5A9 /* GRMustacheIdentifierExpression_private.h */ = {isa = PBXFileReference; fileEncoding = 4; lastKnownFileType = sourcecode.c.h; path = GRMustacheIdentifierExpression_private.h; sourceTree = "<group>"; };
		074CFB591C8873D30025F5A9 /* GRMustacheImplicitIteratorExpression.m */ = {isa = PBXFileReference; fileEncoding = 4; lastKnownFileType = sourcecode.c.objc; path = GRMustacheImplicitIteratorExpression.m; sourceTree = "<group>"; };
		074CFB5A1C8873D30025F5A9 /* GRMustacheImplicitIteratorExpression_private.h */ = {isa = PBXFileReference; fileEncoding = 4; lastKnownFileType = sourcecode.c.h; path = GRMustacheImplicitIteratorExpression_private.h; sourceTree = "<group>"; };
		074CFB5B1C8873D30025F5A9 /* GRMustacheScopedExpression.m */ = {isa = PBXFileReference; fileEncoding = 4; lastKnownFileType = sourcecode.c.objc; path = GRMustacheScopedExpression.m; sourceTree = "<group>"; };
		074CFB5C1C8873D30025F5A9 /* GRMustacheScopedExpression_private.h */ = {isa = PBXFileReference; fileEncoding = 4; lastKnownFileType = sourcecode.c.h; path = GRMustacheScopedExpression_private.h; sourceTree = "<group>"; };
		074CFB5D1C8873D30025F5A9 /* GRMustacheCompiler.m */ = {isa = PBXFileReference; fileEncoding = 4; lastKnownFileType = sourcecode.c.objc; path = GRMustacheCompiler.m; sourceTree = "<group>"; };
		074CFB5E1C8873D30025F5A9 /* GRMustacheCompiler_private.h */ = {isa = PBXFileReference; fileEncoding = 4; lastKnownFileType = sourcecode.c.h; path = GRMustacheCompiler_private.h; sourceTree = "<group>"; };
		074CFB601C8873D30025F5A9 /* GRMustacheInheritablePartialNode.m */ = {isa = PBXFileReference; fileEncoding = 4; lastKnownFileType = sourcecode.c.objc; path = GRMustacheInheritablePartialNode.m; sourceTree = "<group>"; };
		074CFB611C8873D30025F5A9 /* GRMustacheInheritablePartialNode_private.h */ = {isa = PBXFileReference; fileEncoding = 4; lastKnownFileType = sourcecode.c.h; path = GRMustacheInheritablePartialNode_private.h; sourceTree = "<group>"; };
		074CFB621C8873D30025F5A9 /* GRMustacheInheritableSectionNode.m */ = {isa = PBXFileReference; fileEncoding = 4; lastKnownFileType = sourcecode.c.objc; path = GRMustacheInheritableSectionNode.m; sourceTree = "<group>"; };
		074CFB631C8873D30025F5A9 /* GRMustacheInheritableSectionNode_private.h */ = {isa = PBXFileReference; fileEncoding = 4; lastKnownFileType = sourcecode.c.h; path = GRMustacheInheritableSectionNode_private.h; sourceTree = "<group>"; };
		074CFB641C8873D30025F5A9 /* GRMustachePartialNode.m */ = {isa = PBXFileReference; fileEncoding = 4; lastKnownFileType = sourcecode.c.objc; path = GRMustachePartialNode.m; sourceTree = "<group>"; };
		074CFB651C8873D30025F5A9 /* GRMustachePartialNode_private.h */ = {isa = PBXFileReference; fileEncoding = 4; lastKnownFileType = sourcecode.c.h; path = GRMustachePartialNode_private.h; sourceTree = "<group>"; };
		074CFB661C8873D30025F5A9 /* GRMustacheSectionTag.m */ = {isa = PBXFileReference; fileEncoding = 4; lastKnownFileType = sourcecode.c.objc; path = GRMustacheSectionTag.m; sourceTree = "<group>"; };
		074CFB671C8873D30025F5A9 /* GRMustacheSectionTag_private.h */ = {isa = PBXFileReference; fileEncoding = 4; lastKnownFileType = sourcecode.c.h; path = GRMustacheSectionTag_private.h; sourceTree = "<group>"; };
		074CFB681C8873D30025F5A9 /* GRMustacheTag.h */ = {isa = PBXFileReference; fileEncoding = 4; lastKnownFileType = sourcecode.c.h; path = GRMustacheTag.h; sourceTree = "<group>"; };
		074CFB691C8873D30025F5A9 /* GRMustacheTag.m */ = {isa = PBXFileReference; fileEncoding = 4; lastKnownFileType = sourcecode.c.objc; path = GRMustacheTag.m; sourceTree = "<group>"; };
		074CFB6A1C8873D30025F5A9 /* GRMustacheTag_private.h */ = {isa = PBXFileReference; fileEncoding = 4; lastKnownFileType = sourcecode.c.h; path = GRMustacheTag_private.h; sourceTree = "<group>"; };
		074CFB6B1C8873D30025F5A9 /* GRMustacheTemplateAST.m */ = {isa = PBXFileReference; fileEncoding = 4; lastKnownFileType = sourcecode.c.objc; path = GRMustacheTemplateAST.m; sourceTree = "<group>"; };
		074CFB6C1C8873D30025F5A9 /* GRMustacheTemplateAST_private.h */ = {isa = PBXFileReference; fileEncoding = 4; lastKnownFileType = sourcecode.c.h; path = GRMustacheTemplateAST_private.h; sourceTree = "<group>"; };
		074CFB6D1C8873D30025F5A9 /* GRMustacheTemplateASTNode_private.h */ = {isa = PBXFileReference; fileEncoding = 4; lastKnownFileType = sourcecode.c.h; path = GRMustacheTemplateASTNode_private.h; sourceTree = "<group>"; };
		074CFB6E1C8873D30025F5A9 /* GRMustacheTemplateASTVisitor_private.h */ = {isa = PBXFileReference; fileEncoding = 4; lastKnownFileType = sourcecode.c.h; path = GRMustacheTemplateASTVisitor_private.h; sourceTree = "<group>"; };
		074CFB6F1C8873D30025F5A9 /* GRMustacheTextNode.m */ = {isa = PBXFileReference; fileEncoding = 4; lastKnownFileType = sourcecode.c.objc; path = GRMustacheTextNode.m; sourceTree = "<group>"; };
		074CFB701C8873D30025F5A9 /* GRMustacheTextNode_private.h */ = {isa = PBXFileReference; fileEncoding = 4; lastKnownFileType = sourcecode.c.h; path = GRMustacheTextNode_private.h; sourceTree = "<group>"; };
		074CFB711C8873D30025F5A9 /* GRMustacheVariableTag.m */ = {isa = PBXFileReference; fileEncoding = 4; lastKnownFileType = sourcecode.c.objc; path = GRMustacheVariableTag.m; sourceTree = "<group>"; };
		074CFB721C8873D30025F5A9 /* GRMustacheVariableTag_private.h */ = {isa = PBXFileReference; fileEncoding = 4; lastKnownFileType = sourcecode.c.h; path = GRMustacheVariableTag_private.h; sourceTree = "<group>"; };
		074CFB741C8873D30025F5A9 /* GRMustacheConfiguration.h */ = {isa = PBXFileReference; fileEncoding = 4; lastKnownFileType = sourcecode.c.h; path = GRMustacheConfiguration.h; sourceTree = "<group>"; };
		074CFB751C8873D30025F5A9 /* GRMustacheConfiguration.m */ = {isa = PBXFileReference; fileEncoding = 4; lastKnownFileType = sourcecode.c.objc; path = GRMustacheConfiguration.m; sourceTree = "<group>"; };
		074CFB761C8873D30025F5A9 /* GRMustacheConfiguration_private.h */ = {isa = PBXFileReference; fileEncoding = 4; lastKnownFileType = sourcecode.c.h; path = GRMustacheConfiguration_private.h; sourceTree = "<group>"; };
		074CFB771C8873D30025F5A9 /* GRMustache.h */ = {isa = PBXFileReference; fileEncoding = 4; lastKnownFileType = sourcecode.c.h; path = GRMustache.h; sourceTree = "<group>"; };
		074CFB781C8873D30025F5A9 /* GRMustache.m */ = {isa = PBXFileReference; fileEncoding = 4; lastKnownFileType = sourcecode.c.objc; path = GRMustache.m; sourceTree = "<group>"; };
		074CFB791C8873D30025F5A9 /* GRMustache_private.h */ = {isa = PBXFileReference; fileEncoding = 4; lastKnownFileType = sourcecode.c.h; path = GRMustache_private.h; sourceTree = "<group>"; };
		074CFB7A1C8873D30025F5A9 /* GRMustacheVersion.h */ = {isa = PBXFileReference; fileEncoding = 4; lastKnownFileType = sourcecode.c.h; path = GRMustacheVersion.h; sourceTree = "<group>"; };
		074CFB7C1C8873D30025F5A9 /* GRMustacheExpressionParser.m */ = {isa = PBXFileReference; fileEncoding = 4; lastKnownFileType = sourcecode.c.objc; path = GRMustacheExpressionParser.m; sourceTree = "<group>"; };
		074CFB7D1C8873D30025F5A9 /* GRMustacheExpressionParser_private.h */ = {isa = PBXFileReference; fileEncoding = 4; lastKnownFileType = sourcecode.c.h; path = GRMustacheExpressionParser_private.h; sourceTree = "<group>"; };
		074CFB7E1C8873D30025F5A9 /* GRMustacheTemplateParser.m */ = {isa = PBXFileReference; fileEncoding = 4; lastKnownFileType = sourcecode.c.objc; path = GRMustacheTemplateParser.m; sourceTree = "<group>"; };
		074CFB7F1C8873D30025F5A9 /* GRMustacheTemplateParser_private.h */ = {isa = PBXFileReference; fileEncoding = 4; lastKnownFileType = sourcecode.c.h; path = GRMustacheTemplateParser_private.h; sourceTree = "<group>"; };
		074CFB801C8873D30025F5A9 /* GRMustacheToken.m */ = {isa = PBXFileReference; fileEncoding = 4; lastKnownFileType = sourcecode.c.objc; path = GRMustacheToken.m; sourceTree = "<group>"; };
		074CFB811C8873D30025F5A9 /* GRMustacheToken_private.h */ = {isa = PBXFileReference; fileEncoding = 4; lastKnownFileType = sourcecode.c.h; path = GRMustacheToken_private.h; sourceTree = "<group>"; };
		074CFB831C8873D30025F5A9 /* GRMustacheContext.h */ = {isa = PBXFileReference; fileEncoding = 4; lastKnownFileType = sourcecode.c.h; path = GRMustacheContext.h; sourceTree = "<group>"; };
		074CFB841C8873D30025F5A9 /* GRMustacheContext.m */ = {isa = PBXFileReference; fileEncoding = 4; lastKnownFileType = sourcecode.c.objc; path = GRMustacheContext.m; sourceTree = "<group>"; };
		074CFB851C8873D30025F5A9 /* GRMustacheContext_private.h */ = {isa = PBXFileReference; fileEncoding = 4; lastKnownFileType = sourcecode.c.h; path = GRMustacheContext_private.h; sourceTree = "<group>"; };
		074CFB861C8873D30025F5A9 /* GRMustacheExpressionInvocation.m */ = {isa = PBXFileReference; fileEncoding = 4; lastKnownFileType = sourcecode.c.objc; path = GRMustacheExpressionInvocation.m; sourceTree = "<group>"; };
		074CFB871C8873D30025F5A9 /* GRMustacheExpressionInvocation_private.h */ = {isa = PBXFileReference; fileEncoding = 4; lastKnownFileType = sourcecode.c.h; path = GRMustacheExpressionInvocation_private.h; sourceTree = "<group>"; };
		074CFB881C8873D30025F5A9 /* GRMustacheFilter.h */ = {isa = PBXFileReference; fileEncoding = 4; lastKnownFileType = sourcecode.c.h; path = GRMustacheFilter.h; sourceTree = "<group>"; };
		074CFB891C8873D30025F5A9 /* GRMustacheFilter.m */ = {isa = PBXFileReference; fileEncoding = 4; lastKnownFileType = sourcecode.c.objc; path = GRMustacheFilter.m; sourceTree = "<group>"; };
		074CFB8A1C8873D30025F5A9 /* GRMustacheFilter_private.h */ = {isa = PBXFileReference; fileEncoding = 4; lastKnownFileType = sourcecode.c.h; path = GRMustacheFilter_private.h; sourceTree = "<group>"; };
		074CFB8B1C8873D30025F5A9 /* GRMustacheKeyAccess.m */ = {isa = PBXFileReference; fileEncoding = 4; lastKnownFileType = sourcecode.c.objc; path = GRMustacheKeyAccess.m; sourceTree = "<group>"; };
		074CFB8C1C8873D30025F5A9 /* GRMustacheKeyAccess_private.h */ = {isa = PBXFileReference; fileEncoding = 4; lastKnownFileType = sourcecode.c.h; path = GRMustacheKeyAccess_private.h; sourceTree = "<group>"; };
		074CFB8D1C8873D30025F5A9 /* GRMustacheRendering.h */ = {isa = PBXFileReference; fileEncoding = 4; lastKnownFileType = sourcecode.c.h; path = GRMustacheRendering.h; sourceTree = "<group>"; };
		074CFB8E1C8873D30025F5A9 /* GRMustacheRendering.m */ = {isa = PBXFileReference; fileEncoding = 4; lastKnownFileType = sourcecode.c.objc; path = GRMustacheRendering.m; sourceTree = "<group>"; };
		074CFB8F1C8873D30025F5A9 /* GRMustacheRendering_private.h */ = {isa = PBXFileReference; fileEncoding = 4; lastKnownFileType = sourcecode.c.h; path = GRMustacheRendering_private.h; sourceTree = "<group>"; };
		074CFB901C8873D30025F5A9 /* GRMustacheRenderingEngine.m */ = {isa = PBXFileReference; fileEncoding = 4; lastKnownFileType = sourcecode.c.objc; path = GRMustacheRenderingEngine.m; sourceTree = "<group>"; };
		074CFB911C8873D30025F5A9 /* GRMustacheRenderingEngine_private.h */ = {isa = PBXFileReference; fileEncoding = 4; lastKnownFileType = sourcecode.c.h; path = GRMustacheRenderingEngine_private.h; sourceTree = "<group>"; };
		074CFB921C8873D30025F5A9 /* GRMustacheSafeKeyAccess.h */ = {isa = PBXFileReference; fileEncoding = 4; lastKnownFileType = sourcecode.c.h; path = GRMustacheSafeKeyAccess.h; sourceTree = "<group>"; };
		074CFB931C8873D30025F5A9 /* GRMustacheTagDelegate.h */ = {isa = PBXFileReference; fileEncoding = 4; lastKnownFileType = sourcecode.c.h; path = GRMustacheTagDelegate.h; sourceTree = "<group>"; };
		074CFB951C8873D30025F5A9 /* GRMustacheExpressionGenerator.m */ = {isa = PBXFileReference; fileEncoding = 4; lastKnownFileType = sourcecode.c.objc; path = GRMustacheExpressionGenerator.m; sourceTree = "<group>"; };
		074CFB961C8873D30025F5A9 /* GRMustacheExpressionGenerator_private.h */ = {isa = PBXFileReference; fileEncoding = 4; lastKnownFileType = sourcecode.c.h; path = GRMustacheExpressionGenerator_private.h; sourceTree = "<group>"; };
		074CFB971C8873D30025F5A9 /* GRMustacheTemplateGenerator.m */ = {isa = PBXFileReference; fileEncoding = 4; lastKnownFileType = sourcecode.c.objc; path = GRMustacheTemplateGenerator.m; sourceTree = "<group>"; };
		074CFB981C8873D30025F5A9 /* GRMustacheTemplateGenerator_private.h */ = {isa = PBXFileReference; fileEncoding = 4; lastKnownFileType = sourcecode.c.h; path = GRMustacheTemplateGenerator_private.h; sourceTree = "<group>"; };
		074CFB991C8873D30025F5A9 /* NSFormatter+GRMustache.h */ = {isa = PBXFileReference; fileEncoding = 4; lastKnownFileType = sourcecode.c.h; path = "NSFormatter+GRMustache.h"; sourceTree = "<group>"; };
		074CFB9A1C8873D30025F5A9 /* NSFormatter+GRMustache.m */ = {isa = PBXFileReference; fileEncoding = 4; lastKnownFileType = sourcecode.c.objc; path = "NSFormatter+GRMustache.m"; sourceTree = "<group>"; };
		074CFB9B1C8873D30025F5A9 /* NSValueTransformer+GRMustache.h */ = {isa = PBXFileReference; fileEncoding = 4; lastKnownFileType = sourcecode.c.h; path = "NSValueTransformer+GRMustache.h"; sourceTree = "<group>"; };
		074CFB9C1C8873D30025F5A9 /* NSValueTransformer+GRMustache.m */ = {isa = PBXFileReference; fileEncoding = 4; lastKnownFileType = sourcecode.c.objc; path = "NSValueTransformer+GRMustache.m"; sourceTree = "<group>"; };
		074CFB9E1C8873D30025F5A9 /* GRMustacheEachFilter.m */ = {isa = PBXFileReference; fileEncoding = 4; lastKnownFileType = sourcecode.c.objc; path = GRMustacheEachFilter.m; sourceTree = "<group>"; };
		074CFB9F1C8873D30025F5A9 /* GRMustacheEachFilter_private.h */ = {isa = PBXFileReference; fileEncoding = 4; lastKnownFileType = sourcecode.c.h; path = GRMustacheEachFilter_private.h; sourceTree = "<group>"; };
		074CFBA01C8873D30025F5A9 /* GRMustacheHTMLLibrary.m */ = {isa = PBXFileReference; fileEncoding = 4; lastKnownFileType = sourcecode.c.objc; path = GRMustacheHTMLLibrary.m; sourceTree = "<group>"; };
		074CFBA11C8873D30025F5A9 /* GRMustacheHTMLLibrary_private.h */ = {isa = PBXFileReference; fileEncoding = 4; lastKnownFileType = sourcecode.c.h; path = GRMustacheHTMLLibrary_private.h; sourceTree = "<group>"; };
		074CFBA21C8873D30025F5A9 /* GRMustacheJavascriptLibrary.m */ = {isa = PBXFileReference; fileEncoding = 4; lastKnownFileType = sourcecode.c.objc; path = GRMustacheJavascriptLibrary.m; sourceTree = "<group>"; };
		074CFBA31C8873D30025F5A9 /* GRMustacheJavascriptLibrary_private.h */ = {isa = PBXFileReference; fileEncoding = 4; lastKnownFileType = sourcecode.c.h; path = GRMustacheJavascriptLibrary_private.h; sourceTree = "<group>"; };
		074CFBA41C8873D30025F5A9 /* GRMustacheLocalizer.h */ = {isa = PBXFileReference; fileEncoding = 4; lastKnownFileType = sourcecode.c.h; path = GRMustacheLocalizer.h; sourceTree = "<group>"; };
		074CFBA51C8873D30025F5A9 /* GRMustacheLocalizer.m */ = {isa = PBXFileReference; fileEncoding = 4; lastKnownFileType = sourcecode.c.objc; path = GRMustacheLocalizer.m; sourceTree = "<group>"; };
		074CFBA61C8873D30025F5A9 /* GRMustacheStandardLibrary.m */ = {isa = PBXFileReference; fileEncoding = 4; lastKnownFileType = sourcecode.c.objc; path = GRMustacheStandardLibrary.m; sourceTree = "<group>"; };
		074CFBA71C8873D30025F5A9 /* GRMustacheStandardLibrary_private.h */ = {isa = PBXFileReference; fileEncoding = 4; lastKnownFileType = sourcecode.c.h; path = GRMustacheStandardLibrary_private.h; sourceTree = "<group>"; };
		074CFBA81C8873D30025F5A9 /* GRMustacheURLLibrary.m */ = {isa = PBXFileReference; fileEncoding = 4; lastKnownFileType = sourcecode.c.objc; path = GRMustacheURLLibrary.m; sourceTree = "<group>"; };
		074CFBA91C8873D30025F5A9 /* GRMustacheURLLibrary_private.h */ = {isa = PBXFileReference; fileEncoding = 4; lastKnownFileType = sourcecode.c.h; path = GRMustacheURLLibrary_private.h; sourceTree = "<group>"; };
		074CFBAB1C8873D30025F5A9 /* GRMustacheAvailabilityMacros.h */ = {isa = PBXFileReference; fileEncoding = 4; lastKnownFileType = sourcecode.c.h; path = GRMustacheAvailabilityMacros.h; sourceTree = "<group>"; };
		074CFBAC1C8873D30025F5A9 /* GRMustacheAvailabilityMacros_private.h */ = {isa = PBXFileReference; fileEncoding = 4; lastKnownFileType = sourcecode.c.h; path = GRMustacheAvailabilityMacros_private.h; sourceTree = "<group>"; };
		074CFBAD1C8873D30025F5A9 /* GRMustacheBuffer_private.h */ = {isa = PBXFileReference; fileEncoding = 4; lastKnownFileType = sourcecode.c.h; path = GRMustacheBuffer_private.h; sourceTree = "<group>"; };
		074CFBAE1C8873D30025F5A9 /* GRMustacheContentType.h */ = {isa = PBXFileReference; fileEncoding = 4; lastKnownFileType = sourcecode.c.h; path = GRMustacheContentType.h; sourceTree = "<group>"; };
		074CFBAF1C8873D30025F5A9 /* GRMustacheError.h */ = {isa = PBXFileReference; fileEncoding = 4; lastKnownFileType = sourcecode.c.h; path = GRMustacheError.h; sourceTree = "<group>"; };
		074CFBB01C8873D30025F5A9 /* GRMustacheError.m */ = {isa = PBXFileReference; fileEncoding = 4; lastKnownFileType = sourcecode.c.objc; path = GRMustacheError.m; sourceTree = "<group>"; };
		074CFBB11C8873D30025F5A9 /* GRMustacheTranslateCharacters.m */ = {isa = PBXFileReference; fileEncoding = 4; lastKnownFileType = sourcecode.c.objc; path = GRMustacheTranslateCharacters.m; sourceTree = "<group>"; };
		074CFBB21C8873D30025F5A9 /* GRMustacheTranslateCharacters_private.h */ = {isa = PBXFileReference; fileEncoding = 4; lastKnownFileType = sourcecode.c.h; path = GRMustacheTranslateCharacters_private.h; sourceTree = "<group>"; };
		074CFBB41C8873D30025F5A9 /* GRMustacheTemplate.h */ = {isa = PBXFileReference; fileEncoding = 4; lastKnownFileType = sourcecode.c.h; path = GRMustacheTemplate.h; sourceTree = "<group>"; };
		074CFBB51C8873D30025F5A9 /* GRMustacheTemplate.m */ = {isa = PBXFileReference; fileEncoding = 4; lastKnownFileType = sourcecode.c.objc; path = GRMustacheTemplate.m; sourceTree = "<group>"; };
		074CFBB61C8873D30025F5A9 /* GRMustacheTemplate_private.h */ = {isa = PBXFileReference; fileEncoding = 4; lastKnownFileType = sourcecode.c.h; path = GRMustacheTemplate_private.h; sourceTree = "<group>"; };
		074CFBB71C8873D30025F5A9 /* GRMustacheTemplateRepository.h */ = {isa = PBXFileReference; fileEncoding = 4; lastKnownFileType = sourcecode.c.h; path = GRMustacheTemplateRepository.h; sourceTree = "<group>"; };
		074CFBB81C8873D30025F5A9 /* GRMustacheTemplateRepository.m */ = {isa = PBXFileReference; fileEncoding = 4; lastKnownFileType = sourcecode.c.objc; path = GRMustacheTemplateRepository.m; sourceTree = "<group>"; };
		074CFBB91C8873D30025F5A9 /* GRMustacheTemplateRepository_private.h */ = {isa = PBXFileReference; fileEncoding = 4; lastKnownFileType = sourcecode.c.h; path = GRMustacheTemplateRepository_private.h; sourceTree = "<group>"; };
		074CFBBD1C8873D30025F5A9 /* JRSwizzle.h */ = {isa = PBXFileReference; fileEncoding = 4; lastKnownFileType = sourcecode.c.h; path = JRSwizzle.h; sourceTree = "<group>"; };
		074CFBBE1C8873D30025F5A9 /* JRSwizzle.m */ = {isa = PBXFileReference; fileEncoding = 4; lastKnownFileType = sourcecode.c.objc; path = JRSwizzle.m; sourceTree = "<group>"; };
		074CFBC11C8873D30025F5A9 /* PlausibleDatabase.h */ = {isa = PBXFileReference; fileEncoding = 4; lastKnownFileType = sourcecode.c.h; path = PlausibleDatabase.h; sourceTree = "<group>"; };
		074CFBC21C8873D30025F5A9 /* PlausibleDatabase.m */ = {isa = PBXFileReference; fileEncoding = 4; lastKnownFileType = sourcecode.c.objc; path = PlausibleDatabase.m; sourceTree = "<group>"; };
		074CFBC31C8873D30025F5A9 /* PLDatabase.h */ = {isa = PBXFileReference; fileEncoding = 4; lastKnownFileType = sourcecode.c.h; path = PLDatabase.h; sourceTree = "<group>"; };
		074CFBC41C8873D30025F5A9 /* PLDatabaseConnectionProvider.h */ = {isa = PBXFileReference; fileEncoding = 4; lastKnownFileType = sourcecode.c.h; path = PLDatabaseConnectionProvider.h; sourceTree = "<group>"; };
		074CFBC51C8873D30025F5A9 /* PLDatabaseMigrationDelegate.h */ = {isa = PBXFileReference; fileEncoding = 4; lastKnownFileType = sourcecode.c.h; path = PLDatabaseMigrationDelegate.h; sourceTree = "<group>"; };
		074CFBC61C8873D30025F5A9 /* PLDatabaseMigrationManager.h */ = {isa = PBXFileReference; fileEncoding = 4; lastKnownFileType = sourcecode.c.h; path = PLDatabaseMigrationManager.h; sourceTree = "<group>"; };
		074CFBC71C8873D30025F5A9 /* PLDatabaseMigrationManager.m */ = {isa = PBXFileReference; fileEncoding = 4; lastKnownFileType = sourcecode.c.objc; path = PLDatabaseMigrationManager.m; sourceTree = "<group>"; };
		074CFBC81C8873D30025F5A9 /* PLDatabaseMigrationTransactionManager.h */ = {isa = PBXFileReference; fileEncoding = 4; lastKnownFileType = sourcecode.c.h; path = PLDatabaseMigrationTransactionManager.h; sourceTree = "<group>"; };
		074CFBC91C8873D30025F5A9 /* PLDatabaseMigrationVersionManager.h */ = {isa = PBXFileReference; fileEncoding = 4; lastKnownFileType = sourcecode.c.h; path = PLDatabaseMigrationVersionManager.h; sourceTree = "<group>"; };
		074CFBCA1C8873D30025F5A9 /* PLPreparedStatement.h */ = {isa = PBXFileReference; fileEncoding = 4; lastKnownFileType = sourcecode.c.h; path = PLPreparedStatement.h; sourceTree = "<group>"; };
		074CFBCB1C8873D30025F5A9 /* PLResultSet.h */ = {isa = PBXFileReference; fileEncoding = 4; lastKnownFileType = sourcecode.c.h; path = PLResultSet.h; sourceTree = "<group>"; };
		074CFBCC1C8873D30025F5A9 /* PLSqliteConnectionProvider.h */ = {isa = PBXFileReference; fileEncoding = 4; lastKnownFileType = sourcecode.c.h; path = PLSqliteConnectionProvider.h; sourceTree = "<group>"; };
		074CFBCD1C8873D30025F5A9 /* PLSqliteConnectionProvider.m */ = {isa = PBXFileReference; fileEncoding = 4; lastKnownFileType = sourcecode.c.objc; path = PLSqliteConnectionProvider.m; sourceTree = "<group>"; };
		074CFBCE1C8873D30025F5A9 /* PLSqliteDatabase.h */ = {isa = PBXFileReference; fileEncoding = 4; lastKnownFileType = sourcecode.c.h; path = PLSqliteDatabase.h; sourceTree = "<group>"; };
		074CFBCF1C8873D30025F5A9 /* PLSqliteDatabase.m */ = {isa = PBXFileReference; fileEncoding = 4; lastKnownFileType = sourcecode.c.objc; path = PLSqliteDatabase.m; sourceTree = "<group>"; };
		074CFBD01C8873D30025F5A9 /* PLSqliteMigrationVersionManager.h */ = {isa = PBXFileReference; fileEncoding = 4; lastKnownFileType = sourcecode.c.h; path = PLSqliteMigrationVersionManager.h; sourceTree = "<group>"; };
		074CFBD11C8873D30025F5A9 /* PLSqliteMigrationVersionManager.m */ = {isa = PBXFileReference; fileEncoding = 4; lastKnownFileType = sourcecode.c.objc; path = PLSqliteMigrationVersionManager.m; sourceTree = "<group>"; };
		074CFBD21C8873D30025F5A9 /* PLSqlitePreparedStatement.h */ = {isa = PBXFileReference; fileEncoding = 4; lastKnownFileType = sourcecode.c.h; path = PLSqlitePreparedStatement.h; sourceTree = "<group>"; };
		074CFBD31C8873D30025F5A9 /* PLSqlitePreparedStatement.m */ = {isa = PBXFileReference; fileEncoding = 4; lastKnownFileType = sourcecode.c.objc; path = PLSqlitePreparedStatement.m; sourceTree = "<group>"; };
		074CFBD41C8873D30025F5A9 /* PLSqliteResultSet.h */ = {isa = PBXFileReference; fileEncoding = 4; lastKnownFileType = sourcecode.c.h; path = PLSqliteResultSet.h; sourceTree = "<group>"; };
		074CFBD51C8873D30025F5A9 /* PLSqliteResultSet.m */ = {isa = PBXFileReference; fileEncoding = 4; lastKnownFileType = sourcecode.c.objc; path = PLSqliteResultSet.m; sourceTree = "<group>"; };
		074CFBD81C8873D30025F5A9 /* SSKeychain.h */ = {isa = PBXFileReference; fileEncoding = 4; lastKnownFileType = sourcecode.c.h; path = SSKeychain.h; sourceTree = "<group>"; };
		074CFBD91C8873D30025F5A9 /* SSKeychain.m */ = {isa = PBXFileReference; fileEncoding = 4; lastKnownFileType = sourcecode.c.objc; path = SSKeychain.m; sourceTree = "<group>"; };
		074CFBDA1C8873D30025F5A9 /* SSKeychainQuery.h */ = {isa = PBXFileReference; fileEncoding = 4; lastKnownFileType = sourcecode.c.h; path = SSKeychainQuery.h; sourceTree = "<group>"; };
		074CFBDB1C8873D30025F5A9 /* SSKeychainQuery.m */ = {isa = PBXFileReference; fileEncoding = 4; lastKnownFileType = sourcecode.c.objc; path = SSKeychainQuery.m; sourceTree = "<group>"; };
		074CFC1C1C8875D90025F5A9 /* Foundation.framework */ = {isa = PBXFileReference; lastKnownFileType = wrapper.framework; name = Foundation.framework; path = System/Library/Frameworks/Foundation.framework; sourceTree = SDKROOT; };
		074CFC1E1C8875DF0025F5A9 /* UIKit.framework */ = {isa = PBXFileReference; lastKnownFileType = wrapper.framework; name = UIKit.framework; path = System/Library/Frameworks/UIKit.framework; sourceTree = SDKROOT; };
		074CFC201C8875EA0025F5A9 /* libsqlite3.tbd */ = {isa = PBXFileReference; lastKnownFileType = "sourcecode.text-based-dylib-definition"; name = libsqlite3.tbd; path = usr/lib/libsqlite3.tbd; sourceTree = SDKROOT; };
		074CFC221C8875F20025F5A9 /* libz.tbd */ = {isa = PBXFileReference; lastKnownFileType = "sourcecode.text-based-dylib-definition"; name = libz.tbd; path = usr/lib/libz.tbd; sourceTree = SDKROOT; };
		0777BB2F1C88B94F008440BB /* Q.xcodeproj */ = {isa = PBXFileReference; lastKnownFileType = "wrapper.pb-project"; name = Q.xcodeproj; path = "../../Q-ios/Q/Q.xcodeproj"; sourceTree = "<group>"; };
		0777BB381C88B958008440BB /* SemoCore.xcodeproj */ = {isa = PBXFileReference; lastKnownFileType = "wrapper.pb-project"; name = SemoCore.xcodeproj; path = "../../semo-core-ios/SemoCore/SemoCore.xcodeproj"; sourceTree = "<group>"; };
/* End PBXFileReference section */

/* Begin PBXFrameworksBuildPhase section */
		07071AEC1C88734000DAF32D /* Frameworks */ = {
			isa = PBXFrameworksBuildPhase;
			buildActionMask = 2147483647;
			files = (
				074CFC1F1C8875DF0025F5A9 /* UIKit.framework in Frameworks */,
				074CFC1D1C8875D90025F5A9 /* Foundation.framework in Frameworks */,
			);
			runOnlyForDeploymentPostprocessing = 0;
		};
/* End PBXFrameworksBuildPhase section */

/* Begin PBXGroup section */
		07071AE61C88734000DAF32D = {
			isa = PBXGroup;
			children = (
				07071AF11C88734000DAF32D /* SemoContent */,
				074CFB4D1C8873D30025F5A9 /* Externals */,
				074CFC261C8876820025F5A9 /* Frameworks */,
				07071AF01C88734000DAF32D /* Products */,
			);
			sourceTree = "<group>";
		};
		07071AF01C88734000DAF32D /* Products */ = {
			isa = PBXGroup;
			children = (
				07071AEF1C88734000DAF32D /* libSemoContent.a */,
			);
			name = Products;
			sourceTree = "<group>";
		};
		07071AF11C88734000DAF32D /* SemoContent */ = {
			isa = PBXGroup;
			children = (
				074CFAEA1C8873AE0025F5A9 /* com_innerfunction_semo_commands */,
				074CFAF61C8873AE0025F5A9 /* com_innerfunction_semo_content */,
				074CFB101C8873AE0025F5A9 /* com_innerfunction_semo_content_ui */,
				074CFB131C8873AE0025F5A9 /* com_innerfunction_semo_db */,
				074CFB1A1C8873AE0025F5A9 /* com_innerfunction_semo_form */,
			);
			path = SemoContent;
			sourceTree = "<group>";
		};
		074CFAEA1C8873AE0025F5A9 /* com_innerfunction_semo_commands */ = {
			isa = PBXGroup;
			children = (
				074CFAEB1C8873AE0025F5A9 /* IFCommand.h */,
				074CFAEC1C8873AE0025F5A9 /* IFCommandScheduler.h */,
				074CFAED1C8873AE0025F5A9 /* IFCommandScheduler.m */,
				074CFAEE1C8873AE0025F5A9 /* IFMvFileCommand.h */,
				074CFAEF1C8873AE0025F5A9 /* IFMvFileCommand.m */,
				074CFAF01C8873AE0025F5A9 /* IFProtocol.h */,
				074CFAF11C8873AE0025F5A9 /* IFProtocol.m */,
				074CFAF21C8873AE0025F5A9 /* IFRmFileCommand.h */,
				074CFAF31C8873AE0025F5A9 /* IFRmFileCommand.m */,
				074CFAF41C8873AE0025F5A9 /* IFUnzipCommand.h */,
				074CFAF51C8873AE0025F5A9 /* IFUnzipCommand.m */,
			);
			path = com_innerfunction_semo_commands;
			sourceTree = "<group>";
		};
		074CFAF61C8873AE0025F5A9 /* com_innerfunction_semo_content */ = {
			isa = PBXGroup;
			children = (
				074CFAF71C8873AE0025F5A9 /* IFDataFormatter.h */,
				074CFAF81C8873AE0025F5A9 /* IFGetURLCommand.h */,
				074CFAF91C8873AE0025F5A9 /* IFGetURLCommand.m */,
				074CFAFA1C8873AE0025F5A9 /* IFHTTPClient.h */,
				074CFAFB1C8873AE0025F5A9 /* IFHTTPClient.m */,
				074CFAFC1C8873AE0025F5A9 /* IFSemoContent.h */,
				074CFAFD1C8873AE0025F5A9 /* IFWPAuthManager.h */,
				074CFAFE1C8873AE0025F5A9 /* IFWPAuthManager.m */,
				074CFAFF1C8873AE0025F5A9 /* IFWPChildPostRendering.h */,
				074CFB001C8873AE0025F5A9 /* IFWPChildPostRendering.m */,
				074CFB011C8873AE0025F5A9 /* IFWPClientTemplateContext.h */,
				074CFB021C8873AE0025F5A9 /* IFWPClientTemplateContext.m */,
				074CFB031C8873AE0025F5A9 /* IFWPContentContainer.h */,
				074CFB041C8873AE0025F5A9 /* IFWPContentContainer.m */,
				074CFB051C8873AE0025F5A9 /* IFWPContentContainerFormFactory.h */,
				074CFB061C8873AE0025F5A9 /* IFWPContentContainerFormFactory.m */,
				074CFB071C8873AE0025F5A9 /* IFWPContentProtocol.h */,
				074CFB081C8873AE0025F5A9 /* IFWPContentProtocol.m */,
				074CFB091C8873AE0025F5A9 /* IFWPDataTableFormatter.h */,
				074CFB0A1C8873AE0025F5A9 /* IFWPDataTableFormatter.m */,
				074CFB0B1C8873AE0025F5A9 /* IFWPDataWebviewFormatter.h */,
				074CFB0C1C8873AE0025F5A9 /* IFWPDataWebviewFormatter.m */,
				074CFB0D1C8873AE0025F5A9 /* IFWPSchemeHandler.h */,
				074CFB0E1C8873AE0025F5A9 /* IFWPSchemeHandler.m */,
				074CFB0F1C8873AE0025F5A9 /* SemoContent.h */,
			);
			path = com_innerfunction_semo_content;
			sourceTree = "<group>";
		};
		074CFB101C8873AE0025F5A9 /* com_innerfunction_semo_content_ui */ = {
			isa = PBXGroup;
			children = (
				074C3DC81C945F79009BBEEF /* IFWPLicenceBehaviour.h */,
				074C3DC91C945F79009BBEEF /* IFWPLicenceBehaviour.m */,
				074CFB111C8873AE0025F5A9 /* IFContentTableViewController.h */,
				074CFB121C8873AE0025F5A9 /* IFContentTableViewController.m */,
			);
			path = com_innerfunction_semo_content_ui;
			sourceTree = "<group>";
		};
		074CFB131C8873AE0025F5A9 /* com_innerfunction_semo_db */ = {
			isa = PBXGroup;
			children = (
				074CFB141C8873AE0025F5A9 /* IFDB.h */,
				074CFB151C8873AE0025F5A9 /* IFDB.m */,
				074CFB161C8873AE0025F5A9 /* IFDBFilter.h */,
				074CFB171C8873AE0025F5A9 /* IFDBFilter.m */,
				074CFB181C8873AE0025F5A9 /* IFDBHelper.h */,
				074CFB191C8873AE0025F5A9 /* IFDBHelper.m */,
			);
			path = com_innerfunction_semo_db;
			sourceTree = "<group>";
		};
		074CFB1A1C8873AE0025F5A9 /* com_innerfunction_semo_form */ = {
			isa = PBXGroup;
			children = (
				074CFB1B1C8873AE0025F5A9 /* IFFormField.h */,
				074CFB1C1C8873AE0025F5A9 /* IFFormField.m */,
				074CFB1D1C8873AE0025F5A9 /* IFFormHiddenField.h */,
				074CFB1E1C8873AE0025F5A9 /* IFFormHiddenField.m */,
				074CFB1F1C8873AE0025F5A9 /* IFFormImageField.h */,
				074CFB201C8873AE0025F5A9 /* IFFormImageField.m */,
				074CFB211C8873AE0025F5A9 /* IFFormOptionField.h */,
				074CFB221C8873AE0025F5A9 /* IFFormOptionField.m */,
				074CFB231C8873AE0025F5A9 /* IFFormSelectField.h */,
				074CFB241C8873AE0025F5A9 /* IFFormSelectField.m */,
				074CFB251C8873AE0025F5A9 /* IFFormTextField.h */,
				074CFB261C8873AE0025F5A9 /* IFFormTextField.m */,
				074CFB271C8873AE0025F5A9 /* IFFormView.h */,
				074CFB281C8873AE0025F5A9 /* IFFormView.m */,
				074CFB291C8873AE0025F5A9 /* IFFormViewController.h */,
				074CFB2A1C8873AE0025F5A9 /* IFFormViewController.m */,
				074CFB2B1C8873AE0025F5A9 /* IFSubmitField.h */,
				074CFB2C1C8873AE0025F5A9 /* IFSubmitField.m */,
			);
			path = com_innerfunction_semo_form;
			sourceTree = "<group>";
		};
		074CFB4D1C8873D30025F5A9 /* Externals */ = {
			isa = PBXGroup;
			children = (
				0777BB2F1C88B94F008440BB /* Q.xcodeproj */,
				0777BB381C88B958008440BB /* SemoCore.xcodeproj */,
				074CFB4E1C8873D30025F5A9 /* GRMustache */,
				074CFBC01C8873D30025F5A9 /* PlausibleDatabase */,
				074CFBD71C8873D30025F5A9 /* SSKeychain */,
			);
			path = Externals;
			sourceTree = "<group>";
		};
		074CFB4E1C8873D30025F5A9 /* GRMustache */ = {
			isa = PBXGroup;
			children = (
				074CFB4F1C8873D30025F5A9 /* classes */,
				074CFBBA1C8873D30025F5A9 /* vendor */,
			);
			path = GRMustache;
			sourceTree = "<group>";
		};
		074CFB4F1C8873D30025F5A9 /* classes */ = {
			isa = PBXGroup;
			children = (
				074CFB501C8873D30025F5A9 /* Compiling */,
				074CFB731C8873D30025F5A9 /* Configuration */,
				074CFB771C8873D30025F5A9 /* GRMustache.h */,
				074CFB781C8873D30025F5A9 /* GRMustache.m */,
				074CFB791C8873D30025F5A9 /* GRMustache_private.h */,
				074CFB7A1C8873D30025F5A9 /* GRMustacheVersion.h */,
				074CFB7B1C8873D30025F5A9 /* Parsing */,
				074CFB821C8873D30025F5A9 /* Rendering */,
				074CFB941C8873D30025F5A9 /* Services */,
				074CFBAA1C8873D30025F5A9 /* Shared */,
				074CFBB31C8873D30025F5A9 /* Templates */,
			);
			path = classes;
			sourceTree = "<group>";
		};
		074CFB501C8873D30025F5A9 /* Compiling */ = {
			isa = PBXGroup;
			children = (
				074CFB511C8873D30025F5A9 /* Expressions */,
				074CFB5D1C8873D30025F5A9 /* GRMustacheCompiler.m */,
				074CFB5E1C8873D30025F5A9 /* GRMustacheCompiler_private.h */,
				074CFB5F1C8873D30025F5A9 /* TemplateAST */,
			);
			path = Compiling;
			sourceTree = "<group>";
		};
		074CFB511C8873D30025F5A9 /* Expressions */ = {
			isa = PBXGroup;
			children = (
				074CFB521C8873D30025F5A9 /* GRMustacheExpression.m */,
				074CFB531C8873D30025F5A9 /* GRMustacheExpression_private.h */,
				074CFB541C8873D30025F5A9 /* GRMustacheExpressionVisitor_private.h */,
				074CFB551C8873D30025F5A9 /* GRMustacheFilteredExpression.m */,
				074CFB561C8873D30025F5A9 /* GRMustacheFilteredExpression_private.h */,
				074CFB571C8873D30025F5A9 /* GRMustacheIdentifierExpression.m */,
				074CFB581C8873D30025F5A9 /* GRMustacheIdentifierExpression_private.h */,
				074CFB591C8873D30025F5A9 /* GRMustacheImplicitIteratorExpression.m */,
				074CFB5A1C8873D30025F5A9 /* GRMustacheImplicitIteratorExpression_private.h */,
				074CFB5B1C8873D30025F5A9 /* GRMustacheScopedExpression.m */,
				074CFB5C1C8873D30025F5A9 /* GRMustacheScopedExpression_private.h */,
			);
			path = Expressions;
			sourceTree = "<group>";
		};
		074CFB5F1C8873D30025F5A9 /* TemplateAST */ = {
			isa = PBXGroup;
			children = (
				074CFB601C8873D30025F5A9 /* GRMustacheInheritablePartialNode.m */,
				074CFB611C8873D30025F5A9 /* GRMustacheInheritablePartialNode_private.h */,
				074CFB621C8873D30025F5A9 /* GRMustacheInheritableSectionNode.m */,
				074CFB631C8873D30025F5A9 /* GRMustacheInheritableSectionNode_private.h */,
				074CFB641C8873D30025F5A9 /* GRMustachePartialNode.m */,
				074CFB651C8873D30025F5A9 /* GRMustachePartialNode_private.h */,
				074CFB661C8873D30025F5A9 /* GRMustacheSectionTag.m */,
				074CFB671C8873D30025F5A9 /* GRMustacheSectionTag_private.h */,
				074CFB681C8873D30025F5A9 /* GRMustacheTag.h */,
				074CFB691C8873D30025F5A9 /* GRMustacheTag.m */,
				074CFB6A1C8873D30025F5A9 /* GRMustacheTag_private.h */,
				074CFB6B1C8873D30025F5A9 /* GRMustacheTemplateAST.m */,
				074CFB6C1C8873D30025F5A9 /* GRMustacheTemplateAST_private.h */,
				074CFB6D1C8873D30025F5A9 /* GRMustacheTemplateASTNode_private.h */,
				074CFB6E1C8873D30025F5A9 /* GRMustacheTemplateASTVisitor_private.h */,
				074CFB6F1C8873D30025F5A9 /* GRMustacheTextNode.m */,
				074CFB701C8873D30025F5A9 /* GRMustacheTextNode_private.h */,
				074CFB711C8873D30025F5A9 /* GRMustacheVariableTag.m */,
				074CFB721C8873D30025F5A9 /* GRMustacheVariableTag_private.h */,
			);
			path = TemplateAST;
			sourceTree = "<group>";
		};
		074CFB731C8873D30025F5A9 /* Configuration */ = {
			isa = PBXGroup;
			children = (
				074CFB741C8873D30025F5A9 /* GRMustacheConfiguration.h */,
				074CFB751C8873D30025F5A9 /* GRMustacheConfiguration.m */,
				074CFB761C8873D30025F5A9 /* GRMustacheConfiguration_private.h */,
			);
			path = Configuration;
			sourceTree = "<group>";
		};
		074CFB7B1C8873D30025F5A9 /* Parsing */ = {
			isa = PBXGroup;
			children = (
				074CFB7C1C8873D30025F5A9 /* GRMustacheExpressionParser.m */,
				074CFB7D1C8873D30025F5A9 /* GRMustacheExpressionParser_private.h */,
				074CFB7E1C8873D30025F5A9 /* GRMustacheTemplateParser.m */,
				074CFB7F1C8873D30025F5A9 /* GRMustacheTemplateParser_private.h */,
				074CFB801C8873D30025F5A9 /* GRMustacheToken.m */,
				074CFB811C8873D30025F5A9 /* GRMustacheToken_private.h */,
			);
			path = Parsing;
			sourceTree = "<group>";
		};
		074CFB821C8873D30025F5A9 /* Rendering */ = {
			isa = PBXGroup;
			children = (
				074CFB831C8873D30025F5A9 /* GRMustacheContext.h */,
				074CFB841C8873D30025F5A9 /* GRMustacheContext.m */,
				074CFB851C8873D30025F5A9 /* GRMustacheContext_private.h */,
				074CFB861C8873D30025F5A9 /* GRMustacheExpressionInvocation.m */,
				074CFB871C8873D30025F5A9 /* GRMustacheExpressionInvocation_private.h */,
				074CFB881C8873D30025F5A9 /* GRMustacheFilter.h */,
				074CFB891C8873D30025F5A9 /* GRMustacheFilter.m */,
				074CFB8A1C8873D30025F5A9 /* GRMustacheFilter_private.h */,
				074CFB8B1C8873D30025F5A9 /* GRMustacheKeyAccess.m */,
				074CFB8C1C8873D30025F5A9 /* GRMustacheKeyAccess_private.h */,
				074CFB8D1C8873D30025F5A9 /* GRMustacheRendering.h */,
				074CFB8E1C8873D30025F5A9 /* GRMustacheRendering.m */,
				074CFB8F1C8873D30025F5A9 /* GRMustacheRendering_private.h */,
				074CFB901C8873D30025F5A9 /* GRMustacheRenderingEngine.m */,
				074CFB911C8873D30025F5A9 /* GRMustacheRenderingEngine_private.h */,
				074CFB921C8873D30025F5A9 /* GRMustacheSafeKeyAccess.h */,
				074CFB931C8873D30025F5A9 /* GRMustacheTagDelegate.h */,
			);
			path = Rendering;
			sourceTree = "<group>";
		};
		074CFB941C8873D30025F5A9 /* Services */ = {
			isa = PBXGroup;
			children = (
				074CFB951C8873D30025F5A9 /* GRMustacheExpressionGenerator.m */,
				074CFB961C8873D30025F5A9 /* GRMustacheExpressionGenerator_private.h */,
				074CFB971C8873D30025F5A9 /* GRMustacheTemplateGenerator.m */,
				074CFB981C8873D30025F5A9 /* GRMustacheTemplateGenerator_private.h */,
				074CFB991C8873D30025F5A9 /* NSFormatter+GRMustache.h */,
				074CFB9A1C8873D30025F5A9 /* NSFormatter+GRMustache.m */,
				074CFB9B1C8873D30025F5A9 /* NSValueTransformer+GRMustache.h */,
				074CFB9C1C8873D30025F5A9 /* NSValueTransformer+GRMustache.m */,
				074CFB9D1C8873D30025F5A9 /* StandardLibrary */,
			);
			path = Services;
			sourceTree = "<group>";
		};
		074CFB9D1C8873D30025F5A9 /* StandardLibrary */ = {
			isa = PBXGroup;
			children = (
				074CFB9E1C8873D30025F5A9 /* GRMustacheEachFilter.m */,
				074CFB9F1C8873D30025F5A9 /* GRMustacheEachFilter_private.h */,
				074CFBA01C8873D30025F5A9 /* GRMustacheHTMLLibrary.m */,
				074CFBA11C8873D30025F5A9 /* GRMustacheHTMLLibrary_private.h */,
				074CFBA21C8873D30025F5A9 /* GRMustacheJavascriptLibrary.m */,
				074CFBA31C8873D30025F5A9 /* GRMustacheJavascriptLibrary_private.h */,
				074CFBA41C8873D30025F5A9 /* GRMustacheLocalizer.h */,
				074CFBA51C8873D30025F5A9 /* GRMustacheLocalizer.m */,
				074CFBA61C8873D30025F5A9 /* GRMustacheStandardLibrary.m */,
				074CFBA71C8873D30025F5A9 /* GRMustacheStandardLibrary_private.h */,
				074CFBA81C8873D30025F5A9 /* GRMustacheURLLibrary.m */,
				074CFBA91C8873D30025F5A9 /* GRMustacheURLLibrary_private.h */,
			);
			path = StandardLibrary;
			sourceTree = "<group>";
		};
		074CFBAA1C8873D30025F5A9 /* Shared */ = {
			isa = PBXGroup;
			children = (
				074CFBAB1C8873D30025F5A9 /* GRMustacheAvailabilityMacros.h */,
				074CFBAC1C8873D30025F5A9 /* GRMustacheAvailabilityMacros_private.h */,
				074CFBAD1C8873D30025F5A9 /* GRMustacheBuffer_private.h */,
				074CFBAE1C8873D30025F5A9 /* GRMustacheContentType.h */,
				074CFBAF1C8873D30025F5A9 /* GRMustacheError.h */,
				074CFBB01C8873D30025F5A9 /* GRMustacheError.m */,
				074CFBB11C8873D30025F5A9 /* GRMustacheTranslateCharacters.m */,
				074CFBB21C8873D30025F5A9 /* GRMustacheTranslateCharacters_private.h */,
			);
			path = Shared;
			sourceTree = "<group>";
		};
		074CFBB31C8873D30025F5A9 /* Templates */ = {
			isa = PBXGroup;
			children = (
				074CFBB41C8873D30025F5A9 /* GRMustacheTemplate.h */,
				074CFBB51C8873D30025F5A9 /* GRMustacheTemplate.m */,
				074CFBB61C8873D30025F5A9 /* GRMustacheTemplate_private.h */,
				074CFBB71C8873D30025F5A9 /* GRMustacheTemplateRepository.h */,
				074CFBB81C8873D30025F5A9 /* GRMustacheTemplateRepository.m */,
				074CFBB91C8873D30025F5A9 /* GRMustacheTemplateRepository_private.h */,
			);
			path = Templates;
			sourceTree = "<group>";
		};
		074CFBBA1C8873D30025F5A9 /* vendor */ = {
			isa = PBXGroup;
			children = (
				074CFBBB1C8873D30025F5A9 /* groue */,
			);
			path = vendor;
			sourceTree = "<group>";
		};
		074CFBBB1C8873D30025F5A9 /* groue */ = {
			isa = PBXGroup;
			children = (
				074CFBBC1C8873D30025F5A9 /* jrswizzle */,
			);
			path = groue;
			sourceTree = "<group>";
		};
		074CFBBC1C8873D30025F5A9 /* jrswizzle */ = {
			isa = PBXGroup;
			children = (
				074CFBBD1C8873D30025F5A9 /* JRSwizzle.h */,
				074CFBBE1C8873D30025F5A9 /* JRSwizzle.m */,
				074CFBBF1C8873D30025F5A9 /* JRSwizzleTest */,
			);
			path = jrswizzle;
			sourceTree = "<group>";
		};
		074CFBBF1C8873D30025F5A9 /* JRSwizzleTest */ = {
			isa = PBXGroup;
			children = (
			);
			path = JRSwizzleTest;
			sourceTree = "<group>";
		};
		074CFBC01C8873D30025F5A9 /* PlausibleDatabase */ = {
			isa = PBXGroup;
			children = (
				074CFBC11C8873D30025F5A9 /* PlausibleDatabase.h */,
				074CFBC21C8873D30025F5A9 /* PlausibleDatabase.m */,
				074CFBC31C8873D30025F5A9 /* PLDatabase.h */,
				074CFBC41C8873D30025F5A9 /* PLDatabaseConnectionProvider.h */,
				074CFBC51C8873D30025F5A9 /* PLDatabaseMigrationDelegate.h */,
				074CFBC61C8873D30025F5A9 /* PLDatabaseMigrationManager.h */,
				074CFBC71C8873D30025F5A9 /* PLDatabaseMigrationManager.m */,
				074CFBC81C8873D30025F5A9 /* PLDatabaseMigrationTransactionManager.h */,
				074CFBC91C8873D30025F5A9 /* PLDatabaseMigrationVersionManager.h */,
				074CFBCA1C8873D30025F5A9 /* PLPreparedStatement.h */,
				074CFBCB1C8873D30025F5A9 /* PLResultSet.h */,
				074CFBCC1C8873D30025F5A9 /* PLSqliteConnectionProvider.h */,
				074CFBCD1C8873D30025F5A9 /* PLSqliteConnectionProvider.m */,
				074CFBCE1C8873D30025F5A9 /* PLSqliteDatabase.h */,
				074CFBCF1C8873D30025F5A9 /* PLSqliteDatabase.m */,
				074CFBD01C8873D30025F5A9 /* PLSqliteMigrationVersionManager.h */,
				074CFBD11C8873D30025F5A9 /* PLSqliteMigrationVersionManager.m */,
				074CFBD21C8873D30025F5A9 /* PLSqlitePreparedStatement.h */,
				074CFBD31C8873D30025F5A9 /* PLSqlitePreparedStatement.m */,
				074CFBD41C8873D30025F5A9 /* PLSqliteResultSet.h */,
				074CFBD51C8873D30025F5A9 /* PLSqliteResultSet.m */,
			);
			path = PlausibleDatabase;
			sourceTree = "<group>";
		};
		074CFBD71C8873D30025F5A9 /* SSKeychain */ = {
			isa = PBXGroup;
			children = (
				074CFBD81C8873D30025F5A9 /* SSKeychain.h */,
				074CFBD91C8873D30025F5A9 /* SSKeychain.m */,
				074CFBDA1C8873D30025F5A9 /* SSKeychainQuery.h */,
				074CFBDB1C8873D30025F5A9 /* SSKeychainQuery.m */,
			);
			path = SSKeychain;
			sourceTree = "<group>";
		};
		074CFC261C8876820025F5A9 /* Frameworks */ = {
			isa = PBXGroup;
			children = (
				074CFC221C8875F20025F5A9 /* libz.tbd */,
				074CFC201C8875EA0025F5A9 /* libsqlite3.tbd */,
				074CFC1E1C8875DF0025F5A9 /* UIKit.framework */,
				074CFC1C1C8875D90025F5A9 /* Foundation.framework */,
			);
			name = Frameworks;
			sourceTree = "<group>";
		};
		0777BB301C88B94F008440BB /* Products */ = {
			isa = PBXGroup;
			children = (
				0777BB351C88B94F008440BB /* libQ.a */,
				0777BB371C88B94F008440BB /* QTests.xctest */,
			);
			name = Products;
			sourceTree = "<group>";
		};
		0777BB391C88B958008440BB /* Products */ = {
			isa = PBXGroup;
			children = (
				0777BB3D1C88B958008440BB /* SemoCore.framework */,
			);
			name = Products;
			sourceTree = "<group>";
		};
/* End PBXGroup section */

/* Begin PBXNativeTarget section */
		07071AEE1C88734000DAF32D /* SemoContent */ = {
			isa = PBXNativeTarget;
			buildConfigurationList = 07071AF81C88734000DAF32D /* Build configuration list for PBXNativeTarget "SemoContent" */;
			buildPhases = (
				07071AEB1C88734000DAF32D /* Sources */,
				07071AEC1C88734000DAF32D /* Frameworks */,
				07071AED1C88734000DAF32D /* CopyFiles */,
			);
			buildRules = (
			);
			dependencies = (
			);
			name = SemoContent;
			productName = SemoContent;
			productReference = 07071AEF1C88734000DAF32D /* libSemoContent.a */;
			productType = "com.apple.product-type.library.static";
		};
/* End PBXNativeTarget section */

/* Begin PBXProject section */
		07071AE71C88734000DAF32D /* Project object */ = {
			isa = PBXProject;
			attributes = {
				LastUpgradeCheck = 0710;
				ORGANIZATIONNAME = InnerFunction;
				TargetAttributes = {
					07071AEE1C88734000DAF32D = {
						CreatedOnToolsVersion = 7.1;
					};
				};
			};
			buildConfigurationList = 07071AEA1C88734000DAF32D /* Build configuration list for PBXProject "SemoContent" */;
			compatibilityVersion = "Xcode 3.2";
			developmentRegion = English;
			hasScannedForEncodings = 0;
			knownRegions = (
				en,
			);
			mainGroup = 07071AE61C88734000DAF32D;
			productRefGroup = 07071AF01C88734000DAF32D /* Products */;
			projectDirPath = "";
			projectReferences = (
				{
					ProductGroup = 0777BB301C88B94F008440BB /* Products */;
					ProjectRef = 0777BB2F1C88B94F008440BB /* Q.xcodeproj */;
				},
				{
					ProductGroup = 0777BB391C88B958008440BB /* Products */;
					ProjectRef = 0777BB381C88B958008440BB /* SemoCore.xcodeproj */;
				},
			);
			projectRoot = "";
			targets = (
				07071AEE1C88734000DAF32D /* SemoContent */,
			);
		};
/* End PBXProject section */

/* Begin PBXReferenceProxy section */
		0777BB351C88B94F008440BB /* libQ.a */ = {
			isa = PBXReferenceProxy;
			fileType = archive.ar;
			path = libQ.a;
			remoteRef = 0777BB341C88B94F008440BB /* PBXContainerItemProxy */;
			sourceTree = BUILT_PRODUCTS_DIR;
		};
		0777BB371C88B94F008440BB /* QTests.xctest */ = {
			isa = PBXReferenceProxy;
			fileType = wrapper.cfbundle;
			path = QTests.xctest;
			remoteRef = 0777BB361C88B94F008440BB /* PBXContainerItemProxy */;
			sourceTree = BUILT_PRODUCTS_DIR;
		};
		0777BB3D1C88B958008440BB /* SemoCore.framework */ = {
			isa = PBXReferenceProxy;
			fileType = wrapper.framework;
			path = SemoCore.framework;
			remoteRef = 0777BB3C1C88B958008440BB /* PBXContainerItemProxy */;
			sourceTree = BUILT_PRODUCTS_DIR;
		};
/* End PBXReferenceProxy section */

/* Begin PBXSourcesBuildPhase section */
		07071AEB1C88734000DAF32D /* Sources */ = {
			isa = PBXSourcesBuildPhase;
			buildActionMask = 2147483647;
			files = (
				074CFC041C8873D30025F5A9 /* PlausibleDatabase.m in Sources */,
				074CFBEB1C8873D30025F5A9 /* GRMustache.m in Sources */,
				074CFB3A1C8873AE0025F5A9 /* IFWPContentContainerFormFactory.m in Sources */,
				074CFB491C8873AE0025F5A9 /* IFFormView.m in Sources */,
				074CFBF61C8873D30025F5A9 /* GRMustacheTemplateGenerator.m in Sources */,
				074CFC0B1C8873D30025F5A9 /* SSKeychain.m in Sources */,
				074CFB3C1C8873AE0025F5A9 /* IFWPDataTableFormatter.m in Sources */,
				074CFB411C8873AE0025F5A9 /* IFDBFilter.m in Sources */,
				074CFB3B1C8873AE0025F5A9 /* IFWPContentProtocol.m in Sources */,
				074CFB381C8873AE0025F5A9 /* IFWPClientTemplateContext.m in Sources */,
				074CFBE31C8873D30025F5A9 /* GRMustacheInheritableSectionNode.m in Sources */,
				074CFB2F1C8873AE0025F5A9 /* IFCommandScheduler.m in Sources */,
				074CFBE01C8873D30025F5A9 /* GRMustacheScopedExpression.m in Sources */,
				074CFB461C8873AE0025F5A9 /* IFFormOptionField.m in Sources */,
				074CFC001C8873D30025F5A9 /* GRMustacheTranslateCharacters.m in Sources */,
				074CFBE11C8873D30025F5A9 /* GRMustacheCompiler.m in Sources */,
				074CFC031C8873D30025F5A9 /* JRSwizzle.m in Sources */,
				074CFBF41C8873D30025F5A9 /* GRMustacheRenderingEngine.m in Sources */,
				074CFB351C8873AE0025F5A9 /* IFHTTPClient.m in Sources */,
				074CFBFD1C8873D30025F5A9 /* GRMustacheStandardLibrary.m in Sources */,
				074CFBE41C8873D30025F5A9 /* GRMustachePartialNode.m in Sources */,
				074CFB321C8873AE0025F5A9 /* IFRmFileCommand.m in Sources */,
				074CFC051C8873D30025F5A9 /* PLDatabaseMigrationManager.m in Sources */,
				074CFBE21C8873D30025F5A9 /* GRMustacheInheritablePartialNode.m in Sources */,
				074CFBEA1C8873D30025F5A9 /* GRMustacheConfiguration.m in Sources */,
				074CFBFB1C8873D30025F5A9 /* GRMustacheJavascriptLibrary.m in Sources */,
				074CFB3F1C8873AE0025F5A9 /* IFContentTableViewController.m in Sources */,
				074CFBDD1C8873D30025F5A9 /* GRMustacheFilteredExpression.m in Sources */,
				074CFB4B1C8873AE0025F5A9 /* IFSubmitField.m in Sources */,
				074CFB3E1C8873AE0025F5A9 /* IFWPSchemeHandler.m in Sources */,
				074CFC0C1C8873D30025F5A9 /* SSKeychainQuery.m in Sources */,
				074CFBDE1C8873D30025F5A9 /* GRMustacheIdentifierExpression.m in Sources */,
				074CFBFE1C8873D30025F5A9 /* GRMustacheURLLibrary.m in Sources */,
				074CFB301C8873AE0025F5A9 /* IFMvFileCommand.m in Sources */,
				074C3DCA1C945F79009BBEEF /* IFWPLicenceBehaviour.m in Sources */,
				074CFBF71C8873D30025F5A9 /* NSFormatter+GRMustache.m in Sources */,
				074CFB451C8873AE0025F5A9 /* IFFormImageField.m in Sources */,
				074CFB341C8873AE0025F5A9 /* IFGetURLCommand.m in Sources */,
				074CFB431C8873AE0025F5A9 /* IFFormField.m in Sources */,
				074CFBFA1C8873D30025F5A9 /* GRMustacheHTMLLibrary.m in Sources */,
				074CFBF31C8873D30025F5A9 /* GRMustacheRendering.m in Sources */,
				074CFBF91C8873D30025F5A9 /* GRMustacheEachFilter.m in Sources */,
				074CFC091C8873D30025F5A9 /* PLSqlitePreparedStatement.m in Sources */,
				074CFC061C8873D30025F5A9 /* PLSqliteConnectionProvider.m in Sources */,
				074CFB421C8873AE0025F5A9 /* IFDBHelper.m in Sources */,
				074CFBDF1C8873D30025F5A9 /* GRMustacheImplicitIteratorExpression.m in Sources */,
				074CFBEE1C8873D30025F5A9 /* GRMustacheToken.m in Sources */,
				074CFBF11C8873D30025F5A9 /* GRMustacheFilter.m in Sources */,
				074CFB481C8873AE0025F5A9 /* IFFormTextField.m in Sources */,
				074CFBFF1C8873D30025F5A9 /* GRMustacheError.m in Sources */,
				074CFB3D1C8873AE0025F5A9 /* IFWPDataWebviewFormatter.m in Sources */,
				074CFBEF1C8873D30025F5A9 /* GRMustacheContext.m in Sources */,
				074CFBE61C8873D30025F5A9 /* GRMustacheTag.m in Sources */,
				074CFBE81C8873D30025F5A9 /* GRMustacheTextNode.m in Sources */,
				074CFBED1C8873D30025F5A9 /* GRMustacheTemplateParser.m in Sources */,
				074CFBE91C8873D30025F5A9 /* GRMustacheVariableTag.m in Sources */,
				074CFB371C8873AE0025F5A9 /* IFWPChildPostRendering.m in Sources */,
				074CFB311C8873AE0025F5A9 /* IFProtocol.m in Sources */,
				074CFBFC1C8873D30025F5A9 /* GRMustacheLocalizer.m in Sources */,
				074CFC021C8873D30025F5A9 /* GRMustacheTemplateRepository.m in Sources */,
				074CFBEC1C8873D30025F5A9 /* GRMustacheExpressionParser.m in Sources */,
				074CFB401C8873AE0025F5A9 /* IFDB.m in Sources */,
				074CFB391C8873AE0025F5A9 /* IFWPContentContainer.m in Sources */,
				074CFBF81C8873D30025F5A9 /* NSValueTransformer+GRMustache.m in Sources */,
				074CFBDC1C8873D30025F5A9 /* GRMustacheExpression.m in Sources */,
				074CFB4A1C8873AE0025F5A9 /* IFFormViewController.m in Sources */,
				074CFB331C8873AE0025F5A9 /* IFUnzipCommand.m in Sources */,
				074CFC0A1C8873D30025F5A9 /* PLSqliteResultSet.m in Sources */,
				074CFB361C8873AE0025F5A9 /* IFWPAuthManager.m in Sources */,
				074CFBF01C8873D30025F5A9 /* GRMustacheExpressionInvocation.m in Sources */,
				074CFBE51C8873D30025F5A9 /* GRMustacheSectionTag.m in Sources */,
				074CFC011C8873D30025F5A9 /* GRMustacheTemplate.m in Sources */,
				074CFB441C8873AE0025F5A9 /* IFFormHiddenField.m in Sources */,
				074CFBF51C8873D30025F5A9 /* GRMustacheExpressionGenerator.m in Sources */,
				074CFC081C8873D30025F5A9 /* PLSqliteMigrationVersionManager.m in Sources */,
				074CFB471C8873AE0025F5A9 /* IFFormSelectField.m in Sources */,
				074CFBE71C8873D30025F5A9 /* GRMustacheTemplateAST.m in Sources */,
				074CFC071C8873D30025F5A9 /* PLSqliteDatabase.m in Sources */,
				074CFBF21C8873D30025F5A9 /* GRMustacheKeyAccess.m in Sources */,
			);
			runOnlyForDeploymentPostprocessing = 0;
		};
/* End PBXSourcesBuildPhase section */

/* Begin XCBuildConfiguration section */
		07071AF61C88734000DAF32D /* Debug */ = {
			isa = XCBuildConfiguration;
			buildSettings = {
				ALWAYS_SEARCH_USER_PATHS = NO;
				CLANG_CXX_LANGUAGE_STANDARD = "gnu++0x";
				CLANG_CXX_LIBRARY = "libc++";
				CLANG_ENABLE_MODULES = YES;
				CLANG_ENABLE_OBJC_ARC = YES;
				CLANG_WARN_BOOL_CONVERSION = YES;
				CLANG_WARN_CONSTANT_CONVERSION = YES;
				CLANG_WARN_DIRECT_OBJC_ISA_USAGE = YES_ERROR;
				CLANG_WARN_EMPTY_BODY = YES;
				CLANG_WARN_ENUM_CONVERSION = YES;
				CLANG_WARN_INT_CONVERSION = YES;
				CLANG_WARN_OBJC_ROOT_CLASS = YES_ERROR;
				CLANG_WARN_UNREACHABLE_CODE = YES;
				CLANG_WARN__DUPLICATE_METHOD_MATCH = YES;
				"CODE_SIGN_IDENTITY[sdk=iphoneos*]" = "iPhone Developer";
				COPY_PHASE_STRIP = NO;
				DEBUG_INFORMATION_FORMAT = dwarf;
				ENABLE_STRICT_OBJC_MSGSEND = YES;
				ENABLE_TESTABILITY = YES;
				GCC_C_LANGUAGE_STANDARD = gnu99;
				GCC_DYNAMIC_NO_PIC = NO;
				GCC_NO_COMMON_BLOCKS = YES;
				GCC_OPTIMIZATION_LEVEL = 0;
				GCC_PREPROCESSOR_DEFINITIONS = (
					"DEBUG=1",
					"$(inherited)",
				);
				GCC_WARN_64_TO_32_BIT_CONVERSION = YES;
				GCC_WARN_ABOUT_RETURN_TYPE = YES_ERROR;
				GCC_WARN_UNDECLARED_SELECTOR = YES;
				GCC_WARN_UNINITIALIZED_AUTOS = YES_AGGRESSIVE;
				GCC_WARN_UNUSED_FUNCTION = YES;
				GCC_WARN_UNUSED_VARIABLE = YES;
				IPHONEOS_DEPLOYMENT_TARGET = 9.1;
				MTL_ENABLE_DEBUG_INFO = YES;
				ONLY_ACTIVE_ARCH = YES;
				SDKROOT = iphoneos;
			};
			name = Debug;
		};
		07071AF71C88734000DAF32D /* Release */ = {
			isa = XCBuildConfiguration;
			buildSettings = {
				ALWAYS_SEARCH_USER_PATHS = NO;
				CLANG_CXX_LANGUAGE_STANDARD = "gnu++0x";
				CLANG_CXX_LIBRARY = "libc++";
				CLANG_ENABLE_MODULES = YES;
				CLANG_ENABLE_OBJC_ARC = YES;
				CLANG_WARN_BOOL_CONVERSION = YES;
				CLANG_WARN_CONSTANT_CONVERSION = YES;
				CLANG_WARN_DIRECT_OBJC_ISA_USAGE = YES_ERROR;
				CLANG_WARN_EMPTY_BODY = YES;
				CLANG_WARN_ENUM_CONVERSION = YES;
				CLANG_WARN_INT_CONVERSION = YES;
				CLANG_WARN_OBJC_ROOT_CLASS = YES_ERROR;
				CLANG_WARN_UNREACHABLE_CODE = YES;
				CLANG_WARN__DUPLICATE_METHOD_MATCH = YES;
				"CODE_SIGN_IDENTITY[sdk=iphoneos*]" = "iPhone Developer";
				COPY_PHASE_STRIP = NO;
				DEBUG_INFORMATION_FORMAT = "dwarf-with-dsym";
				ENABLE_NS_ASSERTIONS = NO;
				ENABLE_STRICT_OBJC_MSGSEND = YES;
				GCC_C_LANGUAGE_STANDARD = gnu99;
				GCC_NO_COMMON_BLOCKS = YES;
				GCC_WARN_64_TO_32_BIT_CONVERSION = YES;
				GCC_WARN_ABOUT_RETURN_TYPE = YES_ERROR;
				GCC_WARN_UNDECLARED_SELECTOR = YES;
				GCC_WARN_UNINITIALIZED_AUTOS = YES_AGGRESSIVE;
				GCC_WARN_UNUSED_FUNCTION = YES;
				GCC_WARN_UNUSED_VARIABLE = YES;
				IPHONEOS_DEPLOYMENT_TARGET = 9.1;
				MTL_ENABLE_DEBUG_INFO = NO;
				SDKROOT = iphoneos;
				VALIDATE_PRODUCT = YES;
			};
			name = Release;
		};
		07071AF91C88734000DAF32D /* Debug */ = {
			isa = XCBuildConfiguration;
			buildSettings = {
				FRAMEWORK_SEARCH_PATHS = "$(SRCROOT)/Externals";
				HEADER_SEARCH_PATHS = "$(SRCROOT)/**";
				LIBRARY_SEARCH_PATHS = "$(SRCROOT)/Externals/**";
				OTHER_CFLAGS = "-DPL_DB_PRIVATE=1";
				OTHER_LDFLAGS = "-ObjC";
				PRODUCT_NAME = "$(TARGET_NAME)";
				SKIP_INSTALL = YES;
			};
			name = Debug;
		};
		07071AFA1C88734000DAF32D /* Release */ = {
			isa = XCBuildConfiguration;
			buildSettings = {
				FRAMEWORK_SEARCH_PATHS = "$(SRCROOT)/Externals";
				HEADER_SEARCH_PATHS = "$(SRCROOT)/**";
				LIBRARY_SEARCH_PATHS = "$(SRCROOT)/Externals/**";
				OTHER_CFLAGS = "-DPL_DB_PRIVATE=1";
				OTHER_LDFLAGS = "-ObjC";
				PRODUCT_NAME = "$(TARGET_NAME)";
				SKIP_INSTALL = YES;
			};
			name = Release;
		};
/* End XCBuildConfiguration section */

/* Begin XCConfigurationList section */
		07071AEA1C88734000DAF32D /* Build configuration list for PBXProject "SemoContent" */ = {
			isa = XCConfigurationList;
			buildConfigurations = (
				07071AF61C88734000DAF32D /* Debug */,
				07071AF71C88734000DAF32D /* Release */,
			);
			defaultConfigurationIsVisible = 0;
			defaultConfigurationName = Release;
		};
		07071AF81C88734000DAF32D /* Build configuration list for PBXNativeTarget "SemoContent" */ = {
			isa = XCConfigurationList;
			buildConfigurations = (
				07071AF91C88734000DAF32D /* Debug */,
				07071AFA1C88734000DAF32D /* Release */,
			);
			defaultConfigurationIsVisible = 0;
			defaultConfigurationName = Release;
		};
/* End XCConfigurationList section */
	};
	rootObject = 07071AE71C88734000DAF32D /* Project object */;
}
